{
  "version": 4,
  "terraform_version": "1.14.3",
  "serial": 3,
  "lineage": "ab1cbae8-bb2a-9e55-8df6-1b57275f33ac",
  "outputs": {},
  "resources": [
    {
      "mode": "managed",
      "type": "google_project_iam_member",
      "name": "terraform_network_admin",
      "provider": "provider[\"registry.terraform.io/hashicorp/google\"]",
      "instances": [
        {
          "schema_version": 0,
          "attributes": {
            "condition": [],
            "etag": "BwZHUi0+FEw=",
            "id": "projeto-483011/roles/compute.networkAdmin/serviceAccount:terraform-sa@projeto-483011.iam.gserviceaccount.com",
            "member": "serviceAccount:terraform-sa@projeto-483011.iam.gserviceaccount.com",
            "project": "projeto-483011",
            "role": "roles/compute.networkAdmin"
          },
          "sensitive_attributes": [],
          "identity_schema_version": 0,
          "private": "bnVsbA=="
        }
      ]
    },
    {
      "mode": "managed",
      "type": "google_project_iam_member",
      "name": "terraform_security_admin",
      "provider": "provider[\"registry.terraform.io/hashicorp/google\"]",
      "instances": [
        {
          "schema_version": 0,
          "attributes": {
            "condition": [],
            "etag": "BwZHUi0+FEw=",
            "id": "projeto-483011/roles/compute.securityAdmin/serviceAccount:terraform-sa@projeto-483011.iam.gserviceaccount.com",
            "member": "serviceAccount:terraform-sa@projeto-483011.iam.gserviceaccount.com",
            "project": "projeto-483011",
            "role": "roles/compute.securityAdmin"
          },
          "sensitive_attributes": [],
          "identity_schema_version": 0,
          "private": "bnVsbA=="
        }
      ]
    }
  ],
  "check_results": null
}
