{
  "version": 4,
  "terraform_version": "1.14.3",
  "serial": 814,
  "lineage": "057dab8c-f6f4-373c-104a-b0fdade145e6",
  "outputs": {},
  "resources": [
    {
      "module": "module.buckets",
      "mode": "managed",
      "type": "google_storage_bucket",
      "name": "my_bucket",
      "provider": "provider[\"registry.terraform.io/hashicorp/google\"]",
      "instances": [
        {
          "schema_version": 1,
          "attributes": {
            "autoclass": [],
            "cors": [],
            "custom_placement_config": [],
            "default_event_based_hold": false,
            "effective_labels": {},
            "enable_object_retention": false,
            "encryption": [],
            "force_destroy": false,
            "id": "lusohub-a22311743",
            "labels": {},
            "lifecycle_rule": [
              {
                "action": [
                  {
                    "storage_class": "",
                    "type": "Delete"
                  }
                ],
                "condition": [
                  {
                    "age": 30,
                    "created_before": "",
                    "custom_time_before": "",
                    "days_since_custom_time": 0,
                    "days_since_noncurrent_time": 0,
                    "matches_prefix": [],
                    "matches_storage_class": [],
                    "matches_suffix": [],
                    "no_age": false,
                    "noncurrent_time_before": "",
                    "num_newer_versions": 0,
                    "with_state": "ANY"
                  }
                ]
              },
              {
                "action": [
                  {
                    "storage_class": "NEARLINE",
                    "type": "SetStorageClass"
                  }
                ],
                "condition": [
                  {
                    "age": 7,
                    "created_before": "",
                    "custom_time_before": "",
                    "days_since_custom_time": 0,
                    "days_since_noncurrent_time": 0,
                    "matches_prefix": [],
                    "matches_storage_class": [],
                    "matches_suffix": [],
                    "no_age": false,
                    "noncurrent_time_before": "",
                    "num_newer_versions": 0,
                    "with_state": "ANY"
                  }
                ]
              }
            ],
            "location": "EUROPE-WEST1",
            "logging": [],
            "name": "lusohub-a22311743",
            "project": "projeto-483011",
            "project_number": 556039532022,
            "public_access_prevention": "inherited",
            "requester_pays": false,
            "retention_policy": [],
            "rpo": null,
            "self_link": "https://www.googleapis.com/storage/v1/b/lusohub-a22311743",
            "soft_delete_policy": [
              {
                "effective_time": "2026-01-12T22:10:50.195Z",
                "retention_duration_seconds": 604800
              }
            ],
            "storage_class": "STANDARD",
            "terraform_labels": {},
            "timeouts": null,
            "uniform_bucket_level_access": true,
            "url": "gs://lusohub-a22311743",
            "versioning": [
              {
                "enabled": true
              }
            ],
            "website": []
          },
          "sensitive_attributes": [],
          "identity_schema_version": 0,
          "private": "eyJlMmJmYjczMC1lY2FhLTExZTYtOGY4OC0zNDM2M2JjN2M0YzAiOnsiY3JlYXRlIjo2MDAwMDAwMDAwMDAsInJlYWQiOjI0MDAwMDAwMDAwMCwidXBkYXRlIjoyNDAwMDAwMDAwMDB9LCJzY2hlbWFfdmVyc2lvbiI6IjEifQ=="
        }
      ]
    },
    {
      "module": "module.compute_engine",
      "mode": "managed",
      "type": "google_compute_instance",
      "name": "vm1-instance",
      "provider": "provider[\"registry.terraform.io/hashicorp/google\"]",
      "instances": [
        {
          "schema_version": 6,
          "attributes": {
            "advanced_machine_features": [],
            "allow_stopping_for_update": null,
            "attached_disk": [],
            "boot_disk": [
              {
                "auto_delete": true,
                "device_name": "persistent-disk-0",
                "disk_encryption_key_raw": "",
                "disk_encryption_key_sha256": "",
                "initialize_params": [
                  {
                    "enable_confidential_compute": false,
                    "image": "https://www.googleapis.com/compute/v1/projects/debian-cloud/global/images/debian-12-bookworm-v20251209",
                    "labels": {},
                    "provisioned_iops": 0,
                    "provisioned_throughput": 0,
                    "resource_manager_tags": {},
                    "size": 10,
                    "type": "pd-standard"
                  }
                ],
                "kms_key_self_link": "",
                "mode": "READ_WRITE",
                "source": "https://www.googleapis.com/compute/v1/projects/projeto-483011/zones/europe-west1-b/disks/vm1-instance"
              }
            ],
            "can_ip_forward": false,
            "confidential_instance_config": [],
            "cpu_platform": "Intel Broadwell",
            "current_status": "RUNNING",
            "deletion_protection": false,
            "description": "",
            "desired_status": null,
            "effective_labels": {},
            "enable_display": false,
            "guest_accelerator": [],
            "hostname": "",
            "id": "projects/projeto-483011/zones/europe-west1-b/instances/vm1-instance",
            "instance_id": "8357268464243101510",
            "label_fingerprint": "42WmSpB8rSM=",
            "labels": {},
            "machine_type": "e2-medium",
            "metadata": {},
            "metadata_fingerprint": "3f1RbgkiO8I=",
            "metadata_startup_script": "#!/bin/bash\n\nsudo apt update \u0026\u0026 sudo apt install -y nginx ssl-cert\n\ncat \u003c\u003cEOF | sudo tee /etc/nginx/sites-available/hello.conf\nserver {\n    listen 80;\n    listen 443 ssl;\n\n    # Self-signed certs\n    ssl_certificate     /etc/ssl/certs/ssl-cert-snakeoil.pem;\n    ssl_certificate_key /etc/ssl/private/ssl-cert-snakeoil.key;\n\n    server_name _;\n\n    location / {\n        default_type text/plain;\n        return 200 \"OK, hello world\\n\";\n    }\n}\nEOF\n\nsudo ln -sf /etc/nginx/sites-available/hello.conf /etc/nginx/sites-enabled/hello.conf\nsudo rm -f /etc/nginx/sites-enabled/default\nsudo nginx -t \u0026\u0026 sudo systemctl reload nginx",
            "min_cpu_platform": "",
            "name": "vm1-instance",
            "network_interface": [
              {
                "access_config": [
                  {
                    "nat_ip": "34.77.251.202",
                    "network_tier": "PREMIUM",
                    "public_ptr_domain_name": ""
                  }
                ],
                "alias_ip_range": [],
                "internal_ipv6_prefix_length": 0,
                "ipv6_access_config": [],
                "ipv6_access_type": "",
                "ipv6_address": "",
                "name": "nic0",
                "network": "https://www.googleapis.com/compute/v1/projects/projeto-483011/global/networks/custom-vpc",
                "network_ip": "10.0.1.3",
                "nic_type": "",
                "queue_count": 0,
                "stack_type": "IPV4_ONLY",
                "subnetwork": "https://www.googleapis.com/compute/v1/projects/projeto-483011/regions/europe-west1/subnetworks/subnetwork",
                "subnetwork_project": "projeto-483011"
              }
            ],
            "network_performance_config": [],
            "params": [],
            "project": "projeto-483011",
            "reservation_affinity": [],
            "resource_policies": [],
            "scheduling": [
              {
                "automatic_restart": true,
                "instance_termination_action": "",
                "local_ssd_recovery_timeout": [],
                "min_node_cpus": 0,
                "node_affinities": [],
                "on_host_maintenance": "MIGRATE",
                "preemptible": false,
                "provisioning_model": "STANDARD"
              }
            ],
            "scratch_disk": [],
            "self_link": "https://www.googleapis.com/compute/v1/projects/projeto-483011/zones/europe-west1-b/instances/vm1-instance",
            "service_account": [],
            "shielded_instance_config": [
              {
                "enable_integrity_monitoring": true,
                "enable_secure_boot": false,
                "enable_vtpm": true
              }
            ],
            "tags": [
              "https-server"
            ],
            "tags_fingerprint": "nNZ0SA7CJyk=",
            "terraform_labels": {},
            "timeouts": null,
            "zone": "europe-west1-b"
          },
          "sensitive_attributes": [
            [
              {
                "type": "get_attr",
                "value": "boot_disk"
              },
              {
                "type": "index",
                "value": {
                  "value": 0,
                  "type": "number"
                }
              },
              {
                "type": "get_attr",
                "value": "disk_encryption_key_raw"
              }
            ]
          ],
          "identity_schema_version": 0,
          "private": "eyJlMmJmYjczMC1lY2FhLTExZTYtOGY4OC0zNDM2M2JjN2M0YzAiOnsiY3JlYXRlIjoxMjAwMDAwMDAwMDAwLCJkZWxldGUiOjEyMDAwMDAwMDAwMDAsInVwZGF0ZSI6MTIwMDAwMDAwMDAwMH0sInNjaGVtYV92ZXJzaW9uIjoiNiJ9",
          "dependencies": [
            "module.network.google_compute_address.vm1-ip-address",
            "module.network.google_compute_network.this",
            "module.network.google_compute_subnetwork.this"
          ]
        }
      ]
    },
    {
      "module": "module.compute_engine",
      "mode": "managed",
      "type": "google_compute_instance",
      "name": "vm2-instance",
      "provider": "provider[\"registry.terraform.io/hashicorp/google\"]",
      "instances": [
        {
          "schema_version": 6,
          "attributes": {
            "advanced_machine_features": [],
            "allow_stopping_for_update": null,
            "attached_disk": [],
            "boot_disk": [
              {
                "auto_delete": true,
                "device_name": "persistent-disk-0",
                "disk_encryption_key_raw": "",
                "disk_encryption_key_sha256": "",
                "initialize_params": [
                  {
                    "enable_confidential_compute": false,
                    "image": "https://www.googleapis.com/compute/v1/projects/debian-cloud/global/images/debian-12-bookworm-v20251209",
                    "labels": {},
                    "provisioned_iops": 0,
                    "provisioned_throughput": 0,
                    "resource_manager_tags": {},
                    "size": 10,
                    "type": "pd-standard"
                  }
                ],
                "kms_key_self_link": "",
                "mode": "READ_WRITE",
                "source": "https://www.googleapis.com/compute/v1/projects/projeto-483011/zones/europe-west1-b/disks/vm2-instance"
              }
            ],
            "can_ip_forward": false,
            "confidential_instance_config": [],
            "cpu_platform": "Intel Broadwell",
            "current_status": "RUNNING",
            "deletion_protection": false,
            "description": "",
            "desired_status": null,
            "effective_labels": {},
            "enable_display": false,
            "guest_accelerator": [],
            "hostname": "",
            "id": "projects/projeto-483011/zones/europe-west1-b/instances/vm2-instance",
            "instance_id": "3835146592840109894",
            "label_fingerprint": "42WmSpB8rSM=",
            "labels": {},
            "machine_type": "e2-medium",
            "metadata": {},
            "metadata_fingerprint": "qgUEUSdjAoc=",
            "metadata_startup_script": null,
            "min_cpu_platform": "",
            "name": "vm2-instance",
            "network_interface": [
              {
                "access_config": [],
                "alias_ip_range": [],
                "internal_ipv6_prefix_length": 0,
                "ipv6_access_config": [],
                "ipv6_access_type": "",
                "ipv6_address": "",
                "name": "nic0",
                "network": "https://www.googleapis.com/compute/v1/projects/projeto-483011/global/networks/custom-vpc",
                "network_ip": "10.0.1.2",
                "nic_type": "",
                "queue_count": 0,
                "stack_type": "IPV4_ONLY",
                "subnetwork": "https://www.googleapis.com/compute/v1/projects/projeto-483011/regions/europe-west1/subnetworks/subnetwork",
                "subnetwork_project": "projeto-483011"
              }
            ],
            "network_performance_config": [],
            "params": [],
            "project": "projeto-483011",
            "reservation_affinity": [],
            "resource_policies": [],
            "scheduling": [
              {
                "automatic_restart": true,
                "instance_termination_action": "",
                "local_ssd_recovery_timeout": [],
                "min_node_cpus": 0,
                "node_affinities": [],
                "on_host_maintenance": "MIGRATE",
                "preemptible": false,
                "provisioning_model": "STANDARD"
              }
            ],
            "scratch_disk": [],
            "self_link": "https://www.googleapis.com/compute/v1/projects/projeto-483011/zones/europe-west1-b/instances/vm2-instance",
            "service_account": [],
            "shielded_instance_config": [
              {
                "enable_integrity_monitoring": true,
                "enable_secure_boot": false,
                "enable_vtpm": true
              }
            ],
            "tags": [
              "https-server"
            ],
            "tags_fingerprint": "nNZ0SA7CJyk=",
            "terraform_labels": {},
            "timeouts": null,
            "zone": "europe-west1-b"
          },
          "sensitive_attributes": [
            [
              {
                "type": "get_attr",
                "value": "boot_disk"
              },
              {
                "type": "index",
                "value": {
                  "value": 0,
                  "type": "number"
                }
              },
              {
                "type": "get_attr",
                "value": "disk_encryption_key_raw"
              }
            ]
          ],
          "identity_schema_version": 0,
          "private": "eyJlMmJmYjczMC1lY2FhLTExZTYtOGY4OC0zNDM2M2JjN2M0YzAiOnsiY3JlYXRlIjoxMjAwMDAwMDAwMDAwLCJkZWxldGUiOjEyMDAwMDAwMDAwMDAsInVwZGF0ZSI6MTIwMDAwMDAwMDAwMH0sInNjaGVtYV92ZXJzaW9uIjoiNiJ9",
          "dependencies": [
            "module.network.google_compute_network.this",
            "module.network.google_compute_subnetwork.this"
          ]
        }
      ]
    },
    {
      "module": "module.compute_engine",
      "mode": "managed",
      "type": "google_compute_instance_group_manager",
      "name": "default",
      "provider": "provider[\"registry.terraform.io/hashicorp/google\"]",
      "instances": [
        {
          "schema_version": 0,
          "attributes": {
            "all_instances_config": [],
            "auto_healing_policies": [],
            "base_instance_name": "mig-vm",
            "creation_timestamp": "2026-01-12T14:11:56.522-08:00",
            "description": "",
            "fingerprint": "ummQWlKlpJk=",
            "id": "projects/projeto-483011/zones/europe-west1-b/instanceGroupManagers/vm-group",
            "instance_group": "https://www.googleapis.com/compute/v1/projects/projeto-483011/zones/europe-west1-b/instanceGroups/vm-group",
            "instance_lifecycle_policy": [
              {
                "default_action_on_failure": "REPAIR",
                "force_update_on_repair": "NO"
              }
            ],
            "list_managed_instances_results": "PAGELESS",
            "name": "vm-group",
            "named_port": [
              {
                "name": "http",
                "port": 80
              }
            ],
            "operation": null,
            "project": "projeto-483011",
            "self_link": "https://www.googleapis.com/compute/v1/projects/projeto-483011/zones/europe-west1-b/instanceGroupManagers/vm-group",
            "stateful_disk": [],
            "stateful_external_ip": [],
            "stateful_internal_ip": [],
            "status": [
              {
                "all_instances_config": [
                  {
                    "current_revision": "",
                    "effective": true
                  }
                ],
                "is_stable": true,
                "stateful": [
                  {
                    "has_stateful_config": false,
                    "per_instance_configs": [
                      {
                        "all_effective": true
                      }
                    ]
                  }
                ],
                "version_target": [
                  {
                    "is_reached": true
                  }
                ]
              }
            ],
            "target_pools": [],
            "target_size": 3,
            "timeouts": null,
            "update_policy": [
              {
                "max_surge_fixed": 1,
                "max_surge_percent": 0,
                "max_unavailable_fixed": 0,
                "max_unavailable_percent": 0,
                "minimal_action": "REPLACE",
                "most_disruptive_allowed_action": "",
                "replacement_method": "SUBSTITUTE",
                "type": "PROACTIVE"
              }
            ],
            "version": [
              {
                "instance_template": "https://www.googleapis.com/compute/v1/projects/projeto-483011/global/instanceTemplates/vm-template-server",
                "name": "",
                "target_size": []
              }
            ],
            "wait_for_instances": false,
            "wait_for_instances_status": "STABLE",
            "zone": "europe-west1-b"
          },
          "sensitive_attributes": [],
          "identity_schema_version": 0,
          "private": "eyJlMmJmYjczMC1lY2FhLTExZTYtOGY4OC0zNDM2M2JjN2M0YzAiOnsiY3JlYXRlIjo5MDAwMDAwMDAwMDAsImRlbGV0ZSI6OTAwMDAwMDAwMDAwLCJ1cGRhdGUiOjkwMDAwMDAwMDAwMH19",
          "dependencies": [
            "module.compute_engine.google_compute_instance_template.default",
            "module.network.google_compute_network.this",
            "module.network.google_compute_subnetwork.this"
          ],
          "create_before_destroy": true
        }
      ]
    },
    {
      "module": "module.compute_engine",
      "mode": "managed",
      "type": "google_compute_instance_template",
      "name": "default",
      "provider": "provider[\"registry.terraform.io/hashicorp/google\"]",
      "instances": [
        {
          "schema_version": 1,
          "attributes": {
            "advanced_machine_features": [],
            "can_ip_forward": false,
            "confidential_instance_config": [],
            "description": "",
            "disk": [
              {
                "auto_delete": true,
                "boot": true,
                "device_name": "persistent-disk-0",
                "disk_encryption_key": [],
                "disk_name": "",
                "disk_size_gb": 0,
                "disk_type": "pd-standard",
                "interface": "SCSI",
                "labels": {},
                "mode": "READ_WRITE",
                "provisioned_iops": 0,
                "resource_manager_tags": {},
                "resource_policies": [],
                "source": "",
                "source_image": "projects/debian-cloud/global/images/family/debian-12",
                "source_image_encryption_key": [],
                "source_snapshot": "",
                "source_snapshot_encryption_key": [],
                "type": "PERSISTENT"
              }
            ],
            "effective_labels": {},
            "guest_accelerator": [],
            "id": "projects/projeto-483011/global/instanceTemplates/vm-template-server",
            "instance_description": "",
            "labels": null,
            "machine_type": "e2-micro",
            "metadata": {},
            "metadata_fingerprint": "VWumTzY-inQ=",
            "metadata_startup_script": "#!/bin/bash\napt update \u0026\u0026 apt install -y nginx\necho \"Hello from MIG instance $(hostname)\" \u003e /var/www/html/index.html\n",
            "min_cpu_platform": "",
            "name": "vm-template-server",
            "name_prefix": null,
            "network_interface": [
              {
                "access_config": [],
                "alias_ip_range": [],
                "internal_ipv6_prefix_length": 0,
                "ipv6_access_config": [],
                "ipv6_access_type": "",
                "ipv6_address": "",
                "name": "nic0",
                "network": "https://www.googleapis.com/compute/v1/projects/projeto-483011/global/networks/custom-vpc",
                "network_ip": "",
                "nic_type": "",
                "queue_count": 0,
                "stack_type": "",
                "subnetwork": "https://www.googleapis.com/compute/v1/projects/projeto-483011/regions/europe-west1/subnetworks/subnetwork",
                "subnetwork_project": "projeto-483011"
              }
            ],
            "network_performance_config": [],
            "project": "projeto-483011",
            "region": "europe-west1",
            "reservation_affinity": [],
            "resource_manager_tags": null,
            "resource_policies": null,
            "scheduling": [
              {
                "automatic_restart": true,
                "instance_termination_action": "",
                "local_ssd_recovery_timeout": [],
                "min_node_cpus": 0,
                "node_affinities": [],
                "on_host_maintenance": "MIGRATE",
                "preemptible": false,
                "provisioning_model": "STANDARD"
              }
            ],
            "self_link": "https://www.googleapis.com/compute/v1/projects/projeto-483011/global/instanceTemplates/vm-template-server",
            "self_link_unique": "https://www.googleapis.com/compute/v1/projects/projeto-483011/global/instanceTemplates/vm-template-server?uniqueId=7972926422338031431",
            "service_account": [],
            "shielded_instance_config": [],
            "tags": [
              "https-server"
            ],
            "tags_fingerprint": "",
            "terraform_labels": {},
            "timeouts": null
          },
          "sensitive_attributes": [],
          "identity_schema_version": 0,
          "private": "eyJlMmJmYjczMC1lY2FhLTExZTYtOGY4OC0zNDM2M2JjN2M0YzAiOnsiY3JlYXRlIjoyNDAwMDAwMDAwMDAsImRlbGV0ZSI6MjQwMDAwMDAwMDAwfSwic2NoZW1hX3ZlcnNpb24iOiIxIn0=",
          "dependencies": [
            "module.network.google_compute_network.this",
            "module.network.google_compute_subnetwork.this"
          ],
          "create_before_destroy": true
        }
      ]
    },
    {
      "module": "module.kubernetes",
      "mode": "managed",
      "type": "google_container_cluster",
      "name": "primary",
      "provider": "provider[\"registry.terraform.io/hashicorp/google\"]",
      "instances": [
        {
          "schema_version": 2,
          "attributes": {
            "addons_config": [
              {
                "cloudrun_config": [],
                "config_connector_config": [],
                "dns_cache_config": [],
                "gce_persistent_disk_csi_driver_config": [
                  {
                    "enabled": true
                  }
                ],
                "gcp_filestore_csi_driver_config": [],
                "gcs_fuse_csi_driver_config": [],
                "gke_backup_agent_config": [],
                "horizontal_pod_autoscaling": [],
                "http_load_balancing": [],
                "network_policy_config": [
                  {
                    "disabled": true
                  }
                ],
                "stateful_ha_config": []
              }
            ],
            "allow_net_admin": null,
            "authenticator_groups_config": [],
            "binary_authorization": [
              {
                "enabled": false,
                "evaluation_mode": ""
              }
            ],
            "cluster_autoscaling": [
              {
                "auto_provisioning_defaults": [],
                "autoscaling_profile": "BALANCED",
                "enabled": false,
                "resource_limits": []
              }
            ],
            "cluster_ipv4_cidr": "10.1.0.0/16",
            "confidential_nodes": [],
            "cost_management_config": [],
            "database_encryption": [
              {
                "key_name": "",
                "state": "DECRYPTED"
              }
            ],
            "datapath_provider": "",
            "default_max_pods_per_node": 110,
            "default_snat_status": [
              {
                "disabled": false
              }
            ],
            "deletion_protection": false,
            "description": "",
            "dns_config": [],
            "enable_autopilot": false,
            "enable_cilium_clusterwide_network_policy": false,
            "enable_intranode_visibility": false,
            "enable_k8s_beta_apis": [],
            "enable_kubernetes_alpha": false,
            "enable_l4_ilb_subsetting": false,
            "enable_legacy_abac": false,
            "enable_shielded_nodes": true,
            "enable_tpu": false,
            "endpoint": "34.38.206.214",
            "fleet": [],
            "gateway_api_config": [
              {
                "channel": "CHANNEL_STANDARD"
              }
            ],
            "id": "projects/projeto-483011/locations/europe-west1-b/clusters/projeto-cluster-lusohub",
            "identity_service_config": [],
            "initial_node_count": 1,
            "ip_allocation_policy": [
              {
                "additional_pod_ranges_config": [],
                "cluster_ipv4_cidr_block": "10.1.0.0/16",
                "cluster_secondary_range_name": "pods",
                "pod_cidr_overprovision_config": [
                  {
                    "disabled": false
                  }
                ],
                "services_ipv4_cidr_block": "10.2.0.0/16",
                "services_secondary_range_name": "services",
                "stack_type": "IPV4"
              }
            ],
            "label_fingerprint": "a9dc16a7",
            "location": "europe-west1-b",
            "logging_config": [
              {
                "enable_components": [
                  "SYSTEM_COMPONENTS",
                  "WORKLOADS"
                ]
              }
            ],
            "logging_service": "logging.googleapis.com/kubernetes",
            "maintenance_policy": [],
            "master_auth": [
              {
                "client_certificate": "",
                "client_certificate_config": [
                  {
                    "issue_client_certificate": false
                  }
                ],
                "client_key": "",
                "cluster_ca_certificate": "LS0tLS1CRUdJTiBDRVJUSUZJQ0FURS0tLS0tCk1JSUVMVENDQXBXZ0F3SUJBZ0lSQU13a0ljY0t2YzRKWDNYajFpcVhkaHN3RFFZSktvWklodmNOQVFFTEJRQXcKTHpFdE1Dc0dBMVVFQXhNa1ltTTVZemt6Tm1FdFpHSmtaQzAwWkRBNUxXRTBNamN0TnpoaVpqRmtZelEwWkRFNQpNQ0FYRFRJMk1ERXhNakl4TVRFMU0xb1lEekl3TlRZd01UQTFNakl4TVRVeldqQXZNUzB3S3dZRFZRUURFeVJpCll6bGpPVE0yWVMxa1ltUmtMVFJrTURrdFlUUXlOeTAzT0dKbU1XUmpORFJrTVRrd2dnR2lNQTBHQ1NxR1NJYjMKRFFFQkFRVUFBNElCandBd2dnR0tBb0lCZ1FERHAwb1NqSDRTZ0FPUHNXOWlacVYyUUVrN2k3aUJtY083MDBXdwpvSGhvU1NLOWxmZGZXK1YvQkp2RHBCUzUwOHR5c0Njb2c3N3ZYSHlBRHRFK1lpUkw2YnlmcTR3UGVSeDRJZTBBCm43WVlmZVM1Ym9idEppNFRRejMwRTJhVTcvL0JkQ01nOEY5ZVZFS0Mvekh0aSs5ZWg0Zm5YcVhTMTJncWlwYjIKV1hrWkh6TEw2cUVrRE11VW0ySXo0UndRSnhQTkVEaUUrY0lmdklTOFViNUNDSXZVSGZaN3d5R09EWVc5WmZEeQpDTkdYMjhlWGZSYUdyaXVMMVJPOVh3VWFrQUc5U2NvTFdidk0xeFhJOUVUSXRNb0hWMVBoNnRwTWRBRFZZaFErCkpYTVBkdEZMUzV2dU41OGVRK1lHOFB6VnE3UDVsVXhnUktDUkZtZnFONmt4SGFGYit6ak1WZFRUTE5WNUR2TlIKQ0Z6V05naHFHdW1RWGdpY25OckJzb2wwT20zYjVydCtLWFpBdGFnYlN0NW1RMFhIWVljek11MHlIWnpyeTNDdAp6MlpoNlp2Nkg4VHkzSWJOcnR4ZEhMWHFsMmlCYTNBQmpyQlNQQzFJbVN1VXJCb0VkTnhFbWZzRXJvaGYycTJCCnhqZnQycytTLzllYTQzNTc3aTJzUy82UitYMENBd0VBQWFOQ01FQXdEZ1lEVlIwUEFRSC9CQVFEQWdJRU1BOEcKQTFVZEV3RUIvd1FGTUFNQkFmOHdIUVlEVlIwT0JCWUVGR2llTjlZTDhsd2Y3aFVZS3Vnd2lQekRaejBuTUEwRwpDU3FHU0liM0RRRUJDd1VBQTRJQmdRQ1RLd3RDeGVkOXJYUm1xUUtSeVZ0bTJqYWJldHBMdWJaeEwyREV1eWlhCk9WS1AwbkZtNFM4NTB3L1hZK2RDMmxQVytPdGNldTFyVmVDbUxSZmNGeFJ5R0JGenVERnFqeDNvSHZvN1NuQW4KMGp1VDdseVV0VmJUeXk5WjJCQll0YVNROUNrdEpNWWhxdVRjTFFrTUxTWUJxZFpUVVA3dUdCZFd0WjNkQ0cyRgpLdDBuc2tIVUYrZ2ZJWlNEbFdBQ0x1RWxrMGhtMGJ1ZllwMFJUTDltVEtXK0h2MXdOcFAzS1MrT0gzQTJEaUtWCmdDRk9lSTlTeWdQTTVpc05SUlVaK09KKzRuQm5oN3RSNnlpODdiZ0tuNWdHaUNoQS9Cb085LzZQVzhTQi9HVVQKbnJUbFRKdWVkcFZIRDhVN214NzBFTmR5aytjaUNTRVlDa0dFRHcrQ0UvL1FQYXJ4T3ZFcVpSYkdqYVVLaDY2OApKY0NGZEVEUUZaN1FDT1ZlZ1VYZm9FWllEelYzNzJhZWd1WnR2aDlEYlc0SlkzU3dxUEV0UkNoUlN6NE11b1c0Ckl4UFRyayswNHM0NEZRUmE1Q1pHSTNmSmxQRk14QzRFZUhaQXV3clVDbFh6Nm83VG5HT3VTL0VsT2ZBUU9penQKTGtiYWxQT21jYkNBNTJuYWJMQWd2c3c9Ci0tLS0tRU5EIENFUlRJRklDQVRFLS0tLS0K"
              }
            ],
            "master_authorized_networks_config": [],
            "master_version": "1.33.5-gke.2019000",
            "mesh_certificates": [],
            "min_master_version": null,
            "monitoring_config": [
              {
                "advanced_datapath_observability_config": [
                  {
                    "enable_metrics": false,
                    "enable_relay": false,
                    "relay_mode": "DISABLED"
                  }
                ],
                "enable_components": [
                  "SYSTEM_COMPONENTS",
                  "HPA",
                  "POD",
                  "DAEMONSET",
                  "DEPLOYMENT",
                  "STATEFULSET",
                  "JOBSET",
                  "STORAGE",
                  "CADVISOR",
                  "KUBELET",
                  "DCGM"
                ],
                "managed_prometheus": [
                  {
                    "enabled": true
                  }
                ]
              }
            ],
            "monitoring_service": "monitoring.googleapis.com/kubernetes",
            "name": "projeto-cluster-lusohub",
            "network": "projects/projeto-483011/global/networks/custom-vpc",
            "network_policy": [
              {
                "enabled": false,
                "provider": "PROVIDER_UNSPECIFIED"
              }
            ],
            "networking_mode": "VPC_NATIVE",
            "node_config": [
              {
                "advanced_machine_features": [],
                "boot_disk_kms_key": "",
                "confidential_nodes": [],
                "disk_size_gb": 20,
                "disk_type": "pd-standard",
                "effective_taints": [],
                "enable_confidential_storage": false,
                "ephemeral_storage_local_ssd_config": [],
                "fast_socket": [],
                "gcfs_config": [],
                "guest_accelerator": [],
                "gvnic": [],
                "host_maintenance_policy": [],
                "image_type": "COS_CONTAINERD",
                "kubelet_config": [
                  {
                    "cpu_cfs_quota": false,
                    "cpu_cfs_quota_period": "",
                    "cpu_manager_policy": "",
                    "pod_pids_limit": 0
                  }
                ],
                "labels": {},
                "linux_node_config": [],
                "local_nvme_ssd_block_config": [],
                "local_ssd_count": 0,
                "logging_variant": "DEFAULT",
                "machine_type": "e2-small",
                "metadata": {
                  "disable-legacy-endpoints": "true"
                },
                "min_cpu_platform": "",
                "node_group": "",
                "oauth_scopes": [
                  "https://www.googleapis.com/auth/devstorage.read_only",
                  "https://www.googleapis.com/auth/logging.write",
                  "https://www.googleapis.com/auth/monitoring",
                  "https://www.googleapis.com/auth/service.management.readonly",
                  "https://www.googleapis.com/auth/servicecontrol",
                  "https://www.googleapis.com/auth/trace.append"
                ],
                "preemptible": true,
                "reservation_affinity": [],
                "resource_labels": {
                  "goog-gke-node-pool-provisioning-model": "spot"
                },
                "resource_manager_tags": {},
                "secondary_boot_disks": [],
                "service_account": "default",
                "shielded_instance_config": [
                  {
                    "enable_integrity_monitoring": true,
                    "enable_secure_boot": false
                  }
                ],
                "sole_tenant_config": [],
                "spot": false,
                "tags": [],
                "taint": [],
                "workload_metadata_config": [
                  {
                    "mode": "GKE_METADATA"
                  }
                ]
              }
            ],
            "node_locations": [],
            "node_pool": [
              {
                "autoscaling": [
                  {
                    "location_policy": "ANY",
                    "max_node_count": 2,
                    "min_node_count": 1,
                    "total_max_node_count": 0,
                    "total_min_node_count": 0
                  }
                ],
                "initial_node_count": 1,
                "instance_group_urls": [
                  "https://www.googleapis.com/compute/v1/projects/projeto-483011/zones/europe-west1-b/instanceGroupManagers/gke-projeto-cluster--lusohub-node-poo-3a0df75c-grp"
                ],
                "managed_instance_group_urls": [
                  "https://www.googleapis.com/compute/v1/projects/projeto-483011/zones/europe-west1-b/instanceGroups/gke-projeto-cluster--lusohub-node-poo-3a0df75c-grp"
                ],
                "management": [
                  {
                    "auto_repair": true,
                    "auto_upgrade": true
                  }
                ],
                "max_pods_per_node": 110,
                "name": "lusohub-node-pool",
                "name_prefix": "",
                "network_config": [
                  {
                    "create_pod_range": false,
                    "enable_private_nodes": false,
                    "network_performance_config": [],
                    "pod_cidr_overprovision_config": [],
                    "pod_ipv4_cidr_block": "10.1.0.0/16",
                    "pod_range": "pods"
                  }
                ],
                "node_config": [
                  {
                    "advanced_machine_features": [],
                    "boot_disk_kms_key": "",
                    "confidential_nodes": [],
                    "disk_size_gb": 20,
                    "disk_type": "pd-standard",
                    "effective_taints": [],
                    "enable_confidential_storage": false,
                    "ephemeral_storage_local_ssd_config": [],
                    "fast_socket": [],
                    "gcfs_config": [],
                    "guest_accelerator": [],
                    "gvnic": [],
                    "host_maintenance_policy": [],
                    "image_type": "COS_CONTAINERD",
                    "kubelet_config": [
                      {
                        "cpu_cfs_quota": false,
                        "cpu_cfs_quota_period": "",
                        "cpu_manager_policy": "",
                        "pod_pids_limit": 0
                      }
                    ],
                    "labels": {},
                    "linux_node_config": [],
                    "local_nvme_ssd_block_config": [],
                    "local_ssd_count": 0,
                    "logging_variant": "DEFAULT",
                    "machine_type": "e2-small",
                    "metadata": {
                      "disable-legacy-endpoints": "true"
                    },
                    "min_cpu_platform": "",
                    "node_group": "",
                    "oauth_scopes": [
                      "https://www.googleapis.com/auth/devstorage.read_only",
                      "https://www.googleapis.com/auth/logging.write",
                      "https://www.googleapis.com/auth/monitoring",
                      "https://www.googleapis.com/auth/service.management.readonly",
                      "https://www.googleapis.com/auth/servicecontrol",
                      "https://www.googleapis.com/auth/trace.append"
                    ],
                    "preemptible": true,
                    "reservation_affinity": [],
                    "resource_labels": {
                      "goog-gke-node-pool-provisioning-model": "spot"
                    },
                    "resource_manager_tags": {},
                    "secondary_boot_disks": [],
                    "service_account": "default",
                    "shielded_instance_config": [
                      {
                        "enable_integrity_monitoring": true,
                        "enable_secure_boot": false
                      }
                    ],
                    "sole_tenant_config": [],
                    "spot": false,
                    "tags": [],
                    "taint": [],
                    "workload_metadata_config": [
                      {
                        "mode": "GKE_METADATA"
                      }
                    ]
                  }
                ],
                "node_count": 1,
                "node_locations": [
                  "europe-west1-b"
                ],
                "placement_policy": [],
                "queued_provisioning": [],
                "upgrade_settings": [
                  {
                    "blue_green_settings": [],
                    "max_surge": 1,
                    "max_unavailable": 0,
                    "strategy": "SURGE"
                  }
                ],
                "version": "1.33.5-gke.2019000"
              }
            ],
            "node_pool_auto_config": [
              {
                "network_tags": [],
                "resource_manager_tags": null
              }
            ],
            "node_pool_defaults": [
              {
                "node_config_defaults": [
                  {
                    "logging_variant": "DEFAULT"
                  }
                ]
              }
            ],
            "node_version": "1.33.5-gke.2019000",
            "notification_config": [
              {
                "pubsub": [
                  {
                    "enabled": false,
                    "filter": [],
                    "topic": ""
                  }
                ]
              }
            ],
            "operation": null,
            "private_cluster_config": [
              {
                "enable_private_endpoint": false,
                "enable_private_nodes": false,
                "master_global_access_config": [
                  {
                    "enabled": false
                  }
                ],
                "master_ipv4_cidr_block": "",
                "peering_name": "",
                "private_endpoint": "10.0.1.4",
                "private_endpoint_subnetwork": "",
                "public_endpoint": "34.38.206.214"
              }
            ],
            "private_ipv6_google_access": "",
            "project": "projeto-483011",
            "release_channel": [
              {
                "channel": "REGULAR"
              }
            ],
            "remove_default_node_pool": true,
            "resource_labels": {},
            "resource_usage_export_config": [],
            "security_posture_config": [
              {
                "mode": "BASIC",
                "vulnerability_mode": "VULNERABILITY_MODE_UNSPECIFIED"
              }
            ],
            "self_link": "https://container.googleapis.com/v1/projects/projeto-483011/zones/europe-west1-b/clusters/projeto-cluster-lusohub",
            "service_external_ips_config": [
              {
                "enabled": false
              }
            ],
            "services_ipv4_cidr": "10.2.0.0/16",
            "subnetwork": "projects/projeto-483011/regions/europe-west1/subnetworks/subnetwork",
            "timeouts": null,
            "tpu_ipv4_cidr_block": "",
            "vertical_pod_autoscaling": [],
            "workload_identity_config": [
              {
                "workload_pool": "projeto-483011.svc.id.goog"
              }
            ]
          },
          "sensitive_attributes": [
            [
              {
                "type": "get_attr",
                "value": "master_auth"
              },
              {
                "type": "index",
                "value": {
                  "value": 0,
                  "type": "number"
                }
              },
              {
                "type": "get_attr",
                "value": "client_key"
              }
            ]
          ],
          "identity_schema_version": 0,
          "private": "eyJlMmJmYjczMC1lY2FhLTExZTYtOGY4OC0zNDM2M2JjN2M0YzAiOnsiY3JlYXRlIjoyNDAwMDAwMDAwMDAwLCJkZWxldGUiOjI0MDAwMDAwMDAwMDAsInJlYWQiOjI0MDAwMDAwMDAwMDAsInVwZGF0ZSI6MzYwMDAwMDAwMDAwMH0sInNjaGVtYV92ZXJzaW9uIjoiMiJ9",
          "dependencies": [
            "module.network.google_compute_network.this",
            "module.network.google_compute_subnetwork.this"
          ]
        }
      ]
    },
    {
      "module": "module.kubernetes",
      "mode": "managed",
      "type": "google_container_node_pool",
      "name": "lusohub_nodes",
      "provider": "provider[\"registry.terraform.io/hashicorp/google\"]",
      "instances": [
        {
          "schema_version": 1,
          "attributes": {
            "autoscaling": [
              {
                "location_policy": "ANY",
                "max_node_count": 2,
                "min_node_count": 1,
                "total_max_node_count": 0,
                "total_min_node_count": 0
              }
            ],
            "cluster": "projeto-cluster-lusohub",
            "id": "projects/projeto-483011/locations/europe-west1-b/clusters/projeto-cluster-lusohub/nodePools/lusohub-node-pool",
            "initial_node_count": 1,
            "instance_group_urls": [
              "https://www.googleapis.com/compute/v1/projects/projeto-483011/zones/europe-west1-b/instanceGroupManagers/gke-projeto-cluster--lusohub-node-poo-3a0df75c-grp"
            ],
            "location": "europe-west1-b",
            "managed_instance_group_urls": [
              "https://www.googleapis.com/compute/v1/projects/projeto-483011/zones/europe-west1-b/instanceGroups/gke-projeto-cluster--lusohub-node-poo-3a0df75c-grp"
            ],
            "management": [
              {
                "auto_repair": true,
                "auto_upgrade": true
              }
            ],
            "max_pods_per_node": 110,
            "name": "lusohub-node-pool",
            "name_prefix": "",
            "network_config": [
              {
                "create_pod_range": false,
                "enable_private_nodes": false,
                "network_performance_config": [],
                "pod_cidr_overprovision_config": [],
                "pod_ipv4_cidr_block": "10.1.0.0/16",
                "pod_range": "pods"
              }
            ],
            "node_config": [
              {
                "advanced_machine_features": [],
                "boot_disk_kms_key": "",
                "confidential_nodes": [],
                "disk_size_gb": 20,
                "disk_type": "pd-standard",
                "effective_taints": [],
                "enable_confidential_storage": false,
                "ephemeral_storage_local_ssd_config": [],
                "fast_socket": [],
                "gcfs_config": [],
                "guest_accelerator": [],
                "gvnic": [],
                "host_maintenance_policy": [],
                "image_type": "COS_CONTAINERD",
                "kubelet_config": [
                  {
                    "cpu_cfs_quota": false,
                    "cpu_cfs_quota_period": "",
                    "cpu_manager_policy": "",
                    "pod_pids_limit": 0
                  }
                ],
                "labels": {},
                "linux_node_config": [],
                "local_nvme_ssd_block_config": [],
                "local_ssd_count": 0,
                "logging_variant": "DEFAULT",
                "machine_type": "e2-small",
                "metadata": {
                  "disable-legacy-endpoints": "true"
                },
                "min_cpu_platform": "",
                "node_group": "",
                "oauth_scopes": [
                  "https://www.googleapis.com/auth/devstorage.read_only",
                  "https://www.googleapis.com/auth/logging.write",
                  "https://www.googleapis.com/auth/monitoring",
                  "https://www.googleapis.com/auth/service.management.readonly",
                  "https://www.googleapis.com/auth/servicecontrol",
                  "https://www.googleapis.com/auth/trace.append"
                ],
                "preemptible": true,
                "reservation_affinity": [],
                "resource_labels": {
                  "goog-gke-node-pool-provisioning-model": "spot"
                },
                "resource_manager_tags": {},
                "secondary_boot_disks": [],
                "service_account": "default",
                "shielded_instance_config": [
                  {
                    "enable_integrity_monitoring": true,
                    "enable_secure_boot": false
                  }
                ],
                "sole_tenant_config": [],
                "spot": false,
                "tags": [],
                "taint": [],
                "workload_metadata_config": [
                  {
                    "mode": "GKE_METADATA"
                  }
                ]
              }
            ],
            "node_count": 1,
            "node_locations": [
              "europe-west1-b"
            ],
            "operation": null,
            "placement_policy": [],
            "project": "projeto-483011",
            "queued_provisioning": [],
            "timeouts": null,
            "upgrade_settings": [
              {
                "blue_green_settings": [],
                "max_surge": 1,
                "max_unavailable": 0,
                "strategy": "SURGE"
              }
            ],
            "version": "1.33.5-gke.2019000"
          },
          "sensitive_attributes": [],
          "identity_schema_version": 0,
          "private": "eyJlMmJmYjczMC1lY2FhLTExZTYtOGY4OC0zNDM2M2JjN2M0YzAiOnsiY3JlYXRlIjoxODAwMDAwMDAwMDAwLCJkZWxldGUiOjE4MDAwMDAwMDAwMDAsInVwZGF0ZSI6MTgwMDAwMDAwMDAwMH0sInNjaGVtYV92ZXJzaW9uIjoiMSJ9",
          "dependencies": [
            "module.kubernetes.google_container_cluster.primary",
            "module.network.google_compute_network.this",
            "module.network.google_compute_subnetwork.this"
          ]
        }
      ]
    },
    {
      "module": "module.kubernetes",
      "mode": "managed",
      "type": "google_service_account_iam_member",
      "name": "workload_identity_binding",
      "provider": "provider[\"registry.terraform.io/hashicorp/google\"]",
      "instances": [
        {
          "schema_version": 0,
          "attributes": {
            "condition": [],
            "etag": "BwZIOE/WHEA=",
            "id": "projects/projeto-483011/serviceAccounts/terraform-sa@projeto-483011.iam.gserviceaccount.com/roles/iam.workloadIdentityUser/serviceAccount:projeto-483011.svc.id.goog[default/meme-web-app-sa]",
            "member": "serviceAccount:projeto-483011.svc.id.goog[default/meme-web-app-sa]",
            "role": "roles/iam.workloadIdentityUser",
            "service_account_id": "projects/projeto-483011/serviceAccounts/terraform-sa@projeto-483011.iam.gserviceaccount.com"
          },
          "sensitive_attributes": [],
          "identity_schema_version": 0,
          "private": "bnVsbA==",
          "dependencies": [
            "module.kubernetes.google_container_cluster.primary",
            "module.network.google_compute_network.this",
            "module.network.google_compute_subnetwork.this"
          ]
        }
      ]
    },
    {
      "module": "module.kubernetes",
      "mode": "managed",
      "type": "google_service_account_iam_member",
      "name": "workload_identity_binding_meme_maker",
      "provider": "provider[\"registry.terraform.io/hashicorp/google\"]",
      "instances": [
        {
          "schema_version": 0,
          "attributes": {
            "condition": [],
            "etag": "BwZIOE/WHEA=",
            "id": "projects/projeto-483011/serviceAccounts/terraform-sa@projeto-483011.iam.gserviceaccount.com/roles/iam.workloadIdentityUser/serviceAccount:projeto-483011.svc.id.goog[default/meme-maker-sa]",
            "member": "serviceAccount:projeto-483011.svc.id.goog[default/meme-maker-sa]",
            "role": "roles/iam.workloadIdentityUser",
            "service_account_id": "projects/projeto-483011/serviceAccounts/terraform-sa@projeto-483011.iam.gserviceaccount.com"
          },
          "sensitive_attributes": [],
          "identity_schema_version": 0,
          "private": "bnVsbA==",
          "dependencies": [
            "module.kubernetes.google_container_cluster.primary",
            "module.network.google_compute_network.this",
            "module.network.google_compute_subnetwork.this"
          ]
        }
      ]
    },
    {
      "module": "module.monitoring",
      "mode": "managed",
      "type": "google_monitoring_alert_policy",
      "name": "gke_node_cpu",
      "provider": "provider[\"registry.terraform.io/hashicorp/google\"]",
      "instances": [
        {
          "schema_version": 0,
          "attributes": {
            "alert_strategy": [
              {
                "auto_close": "1800s",
                "notification_channel_strategy": [],
                "notification_rate_limit": []
              }
            ],
            "combiner": "OR",
            "conditions": [
              {
                "condition_absent": [],
                "condition_matched_log": [],
                "condition_monitoring_query_language": [],
                "condition_prometheus_query_language": [],
                "condition_threshold": [
                  {
                    "aggregations": [
                      {
                        "alignment_period": "60s",
                        "cross_series_reducer": "",
                        "group_by_fields": [],
                        "per_series_aligner": "ALIGN_MEAN"
                      }
                    ],
                    "comparison": "COMPARISON_GT",
                    "denominator_aggregations": [],
                    "denominator_filter": "",
                    "duration": "300s",
                    "evaluation_missing_data": "",
                    "filter": "resource.type = \"k8s_node\" AND metric.type = \"kubernetes.io/node/cpu/allocatable_utilization\"",
                    "forecast_options": [],
                    "threshold_value": 0.75,
                    "trigger": []
                  }
                ],
                "display_name": "GKE node CPU above 75%",
                "name": "projects/projeto-483011/alertPolicies/551366658227436742/conditions/551366658227434607"
              }
            ],
            "creation_record": [
              {
                "mutate_time": "2026-01-12T22:49:42.800226858Z",
                "mutated_by": "terraform-sa@projeto-483011.iam.gserviceaccount.com"
              }
            ],
            "display_name": "GKE Node High CPU Alert",
            "documentation": [],
            "enabled": true,
            "id": "projects/projeto-483011/alertPolicies/551366658227436742",
            "name": "projects/projeto-483011/alertPolicies/551366658227436742",
            "notification_channels": [
              "projects/projeto-483011/notificationChannels/5119037781120287877"
            ],
            "project": "projeto-483011",
            "severity": "",
            "timeouts": null,
            "user_labels": {}
          },
          "sensitive_attributes": [],
          "identity_schema_version": 0,
          "private": "eyJlMmJmYjczMC1lY2FhLTExZTYtOGY4OC0zNDM2M2JjN2M0YzAiOnsiY3JlYXRlIjoxMjAwMDAwMDAwMDAwLCJkZWxldGUiOjEyMDAwMDAwMDAwMDAsInVwZGF0ZSI6MTIwMDAwMDAwMDAwMH19",
          "dependencies": [
            "module.monitoring.google_monitoring_notification_channel.email"
          ]
        }
      ]
    },
    {
      "module": "module.monitoring",
      "mode": "managed",
      "type": "google_monitoring_alert_policy",
      "name": "gke_pod_restart",
      "provider": "provider[\"registry.terraform.io/hashicorp/google\"]",
      "instances": [
        {
          "schema_version": 0,
          "attributes": {
            "alert_strategy": [
              {
                "auto_close": "1800s",
                "notification_channel_strategy": [],
                "notification_rate_limit": []
              }
            ],
            "combiner": "OR",
            "conditions": [
              {
                "condition_absent": [],
                "condition_matched_log": [],
                "condition_monitoring_query_language": [],
                "condition_prometheus_query_language": [],
                "condition_threshold": [
                  {
                    "aggregations": [
                      {
                        "alignment_period": "60s",
                        "cross_series_reducer": "",
                        "group_by_fields": [],
                        "per_series_aligner": "ALIGN_DELTA"
                      }
                    ],
                    "comparison": "COMPARISON_GT",
                    "denominator_aggregations": [],
                    "denominator_filter": "",
                    "duration": "0s",
                    "evaluation_missing_data": "",
                    "filter": "resource.type = \"k8s_container\" AND metric.type = \"kubernetes.io/container/restart_count\"",
                    "forecast_options": [],
                    "threshold_value": 0,
                    "trigger": []
                  }
                ],
                "display_name": "Pod restart detected",
                "name": "projects/projeto-483011/alertPolicies/2915844176091304220/conditions/2915844176091304525"
              }
            ],
            "creation_record": [
              {
                "mutate_time": "2026-01-12T22:49:47.073817286Z",
                "mutated_by": "terraform-sa@projeto-483011.iam.gserviceaccount.com"
              }
            ],
            "display_name": "GKE Pod Restart Alert",
            "documentation": [],
            "enabled": true,
            "id": "projects/projeto-483011/alertPolicies/2915844176091304220",
            "name": "projects/projeto-483011/alertPolicies/2915844176091304220",
            "notification_channels": [
              "projects/projeto-483011/notificationChannels/5119037781120287877"
            ],
            "project": "projeto-483011",
            "severity": "",
            "timeouts": null,
            "user_labels": {}
          },
          "sensitive_attributes": [],
          "identity_schema_version": 0,
          "private": "eyJlMmJmYjczMC1lY2FhLTExZTYtOGY4OC0zNDM2M2JjN2M0YzAiOnsiY3JlYXRlIjoxMjAwMDAwMDAwMDAwLCJkZWxldGUiOjEyMDAwMDAwMDAwMDAsInVwZGF0ZSI6MTIwMDAwMDAwMDAwMH19",
          "dependencies": [
            "module.monitoring.google_monitoring_notification_channel.email"
          ]
        }
      ]
    },
    {
      "module": "module.monitoring",
      "mode": "managed",
      "type": "google_monitoring_alert_policy",
      "name": "high_cpu",
      "provider": "provider[\"registry.terraform.io/hashicorp/google\"]",
      "instances": [
        {
          "schema_version": 0,
          "attributes": {
            "alert_strategy": [
              {
                "auto_close": "1800s",
                "notification_channel_strategy": [],
                "notification_rate_limit": []
              }
            ],
            "combiner": "OR",
            "conditions": [
              {
                "condition_absent": [],
                "condition_matched_log": [],
                "condition_monitoring_query_language": [],
                "condition_prometheus_query_language": [],
                "condition_threshold": [
                  {
                    "aggregations": [
                      {
                        "alignment_period": "60s",
                        "cross_series_reducer": "",
                        "group_by_fields": [],
                        "per_series_aligner": "ALIGN_MEAN"
                      }
                    ],
                    "comparison": "COMPARISON_GT",
                    "denominator_aggregations": [],
                    "denominator_filter": "",
                    "duration": "300s",
                    "evaluation_missing_data": "",
                    "filter": "resource.type = \"gce_instance\" AND metric.type = \"compute.googleapis.com/instance/cpu/utilization\"",
                    "forecast_options": [],
                    "threshold_value": 0.8,
                    "trigger": []
                  }
                ],
                "display_name": "CPU usage above 80%",
                "name": "projects/projeto-483011/alertPolicies/4653584987254985890/conditions/4653584987254988019"
              }
            ],
            "creation_record": [
              {
                "mutate_time": "2026-01-12T22:40:50.438183257Z",
                "mutated_by": "terraform-sa@projeto-483011.iam.gserviceaccount.com"
              }
            ],
            "display_name": "High CPU Usage Alert",
            "documentation": [],
            "enabled": true,
            "id": "projects/projeto-483011/alertPolicies/4653584987254985890",
            "name": "projects/projeto-483011/alertPolicies/4653584987254985890",
            "notification_channels": [
              "projects/projeto-483011/notificationChannels/5119037781120287877"
            ],
            "project": "projeto-483011",
            "severity": "",
            "timeouts": null,
            "user_labels": {}
          },
          "sensitive_attributes": [],
          "identity_schema_version": 0,
          "private": "eyJlMmJmYjczMC1lY2FhLTExZTYtOGY4OC0zNDM2M2JjN2M0YzAiOnsiY3JlYXRlIjoxMjAwMDAwMDAwMDAwLCJkZWxldGUiOjEyMDAwMDAwMDAwMDAsInVwZGF0ZSI6MTIwMDAwMDAwMDAwMH19",
          "dependencies": [
            "module.monitoring.google_monitoring_notification_channel.email"
          ]
        }
      ]
    },
    {
      "module": "module.monitoring",
      "mode": "managed",
      "type": "google_monitoring_alert_policy",
      "name": "lb_latency",
      "provider": "provider[\"registry.terraform.io/hashicorp/google\"]",
      "instances": [
        {
          "schema_version": 0,
          "attributes": {
            "alert_strategy": [
              {
                "auto_close": "1800s",
                "notification_channel_strategy": [],
                "notification_rate_limit": []
              }
            ],
            "combiner": "OR",
            "conditions": [
              {
                "condition_absent": [],
                "condition_matched_log": [],
                "condition_monitoring_query_language": [],
                "condition_prometheus_query_language": [],
                "condition_threshold": [
                  {
                    "aggregations": [
                      {
                        "alignment_period": "60s",
                        "cross_series_reducer": "REDUCE_MEAN",
                        "group_by_fields": [
                          "resource.url_map_name"
                        ],
                        "per_series_aligner": "ALIGN_DELTA"
                      }
                    ],
                    "comparison": "COMPARISON_GT",
                    "denominator_aggregations": [],
                    "denominator_filter": "",
                    "duration": "300s",
                    "evaluation_missing_data": "",
                    "filter": "resource.type = \"https_lb_rule\" AND metric.type = \"loadbalancing.googleapis.com/https/backend_latencies\"",
                    "forecast_options": [],
                    "threshold_value": 500,
                    "trigger": []
                  }
                ],
                "display_name": "HTTP latency above 500ms",
                "name": "projects/projeto-483011/alertPolicies/10950505689535242440/conditions/10950505689535245157"
              }
            ],
            "creation_record": [
              {
                "mutate_time": "2026-01-12T22:50:31.674107522Z",
                "mutated_by": "terraform-sa@projeto-483011.iam.gserviceaccount.com"
              }
            ],
            "display_name": "Load Balancer High Latency Alert",
            "documentation": [],
            "enabled": true,
            "id": "projects/projeto-483011/alertPolicies/10950505689535242440",
            "name": "projects/projeto-483011/alertPolicies/10950505689535242440",
            "notification_channels": [
              "projects/projeto-483011/notificationChannels/5119037781120287877"
            ],
            "project": "projeto-483011",
            "severity": "",
            "timeouts": null,
            "user_labels": null
          },
          "sensitive_attributes": [],
          "identity_schema_version": 0,
          "private": "eyJlMmJmYjczMC1lY2FhLTExZTYtOGY4OC0zNDM2M2JjN2M0YzAiOnsiY3JlYXRlIjoxMjAwMDAwMDAwMDAwLCJkZWxldGUiOjEyMDAwMDAwMDAwMDAsInVwZGF0ZSI6MTIwMDAwMDAwMDAwMH19",
          "dependencies": [
            "module.monitoring.google_monitoring_notification_channel.email"
          ]
        }
      ]
    },
    {
      "module": "module.monitoring",
      "mode": "managed",
      "type": "google_monitoring_alert_policy",
      "name": "lb_requests",
      "provider": "provider[\"registry.terraform.io/hashicorp/google\"]",
      "instances": [
        {
          "schema_version": 0,
          "attributes": {
            "alert_strategy": [
              {
                "auto_close": "1800s",
                "notification_channel_strategy": [],
                "notification_rate_limit": []
              }
            ],
            "combiner": "OR",
            "conditions": [
              {
                "condition_absent": [],
                "condition_matched_log": [],
                "condition_monitoring_query_language": [],
                "condition_prometheus_query_language": [],
                "condition_threshold": [
                  {
                    "aggregations": [
                      {
                        "alignment_period": "60s",
                        "cross_series_reducer": "",
                        "group_by_fields": [],
                        "per_series_aligner": "ALIGN_RATE"
                      }
                    ],
                    "comparison": "COMPARISON_GT",
                    "denominator_aggregations": [],
                    "denominator_filter": "",
                    "duration": "0s",
                    "evaluation_missing_data": "",
                    "filter": "resource.type = \"https_lb_rule\" AND metric.type = \"loadbalancing.googleapis.com/https/request_count\"",
                    "forecast_options": [],
                    "threshold_value": 0,
                    "trigger": []
                  }
                ],
                "display_name": "HTTP requests detected",
                "name": "projects/projeto-483011/alertPolicies/5287952969894625865/conditions/5287952969894628686"
              }
            ],
            "creation_record": [
              {
                "mutate_time": "2026-01-12T22:49:45.616856418Z",
                "mutated_by": "terraform-sa@projeto-483011.iam.gserviceaccount.com"
              }
            ],
            "display_name": "Load Balancer Request Alert",
            "documentation": [],
            "enabled": true,
            "id": "projects/projeto-483011/alertPolicies/5287952969894625865",
            "name": "projects/projeto-483011/alertPolicies/5287952969894625865",
            "notification_channels": [
              "projects/projeto-483011/notificationChannels/5119037781120287877"
            ],
            "project": "projeto-483011",
            "severity": "",
            "timeouts": null,
            "user_labels": {}
          },
          "sensitive_attributes": [],
          "identity_schema_version": 0,
          "private": "eyJlMmJmYjczMC1lY2FhLTExZTYtOGY4OC0zNDM2M2JjN2M0YzAiOnsiY3JlYXRlIjoxMjAwMDAwMDAwMDAwLCJkZWxldGUiOjEyMDAwMDAwMDAwMDAsInVwZGF0ZSI6MTIwMDAwMDAwMDAwMH19",
          "dependencies": [
            "module.monitoring.google_monitoring_notification_channel.email"
          ]
        }
      ]
    },
    {
      "module": "module.monitoring",
      "mode": "managed",
      "type": "google_monitoring_alert_policy",
      "name": "pubsub_publish_rate",
      "provider": "provider[\"registry.terraform.io/hashicorp/google\"]",
      "instances": [
        {
          "schema_version": 0,
          "attributes": {
            "alert_strategy": [
              {
                "auto_close": "1800s",
                "notification_channel_strategy": [],
                "notification_rate_limit": []
              }
            ],
            "combiner": "OR",
            "conditions": [
              {
                "condition_absent": [],
                "condition_matched_log": [],
                "condition_monitoring_query_language": [],
                "condition_prometheus_query_language": [],
                "condition_threshold": [
                  {
                    "aggregations": [
                      {
                        "alignment_period": "60s",
                        "cross_series_reducer": "",
                        "group_by_fields": [],
                        "per_series_aligner": "ALIGN_RATE"
                      }
                    ],
                    "comparison": "COMPARISON_GT",
                    "denominator_aggregations": [],
                    "denominator_filter": "",
                    "duration": "0s",
                    "evaluation_missing_data": "",
                    "filter": "resource.type = \"pubsub_topic\" AND metric.type = \"pubsub.googleapis.com/topic/send_request_count\"",
                    "forecast_options": [],
                    "threshold_value": 0,
                    "trigger": []
                  }
                ],
                "display_name": "Message published to topic",
                "name": "projects/projeto-483011/alertPolicies/172016077503216973/conditions/172016077503214116"
              }
            ],
            "creation_record": [
              {
                "mutate_time": "2026-01-12T22:49:49.890195772Z",
                "mutated_by": "terraform-sa@projeto-483011.iam.gserviceaccount.com"
              }
            ],
            "display_name": "Pub/Sub Publish Rate Alert",
            "documentation": [],
            "enabled": true,
            "id": "projects/projeto-483011/alertPolicies/172016077503216973",
            "name": "projects/projeto-483011/alertPolicies/172016077503216973",
            "notification_channels": [
              "projects/projeto-483011/notificationChannels/5119037781120287877"
            ],
            "project": "projeto-483011",
            "severity": "",
            "timeouts": null,
            "user_labels": {}
          },
          "sensitive_attributes": [],
          "identity_schema_version": 0,
          "private": "eyJlMmJmYjczMC1lY2FhLTExZTYtOGY4OC0zNDM2M2JjN2M0YzAiOnsiY3JlYXRlIjoxMjAwMDAwMDAwMDAwLCJkZWxldGUiOjEyMDAwMDAwMDAwMDAsInVwZGF0ZSI6MTIwMDAwMDAwMDAwMH19",
          "dependencies": [
            "module.monitoring.google_monitoring_notification_channel.email"
          ]
        }
      ]
    },
    {
      "module": "module.monitoring",
      "mode": "managed",
      "type": "google_monitoring_alert_policy",
      "name": "pubsub_unacked_messages",
      "provider": "provider[\"registry.terraform.io/hashicorp/google\"]",
      "instances": [
        {
          "schema_version": 0,
          "attributes": {
            "alert_strategy": [
              {
                "auto_close": "1800s",
                "notification_channel_strategy": [],
                "notification_rate_limit": []
              }
            ],
            "combiner": "OR",
            "conditions": [
              {
                "condition_absent": [],
                "condition_matched_log": [],
                "condition_monitoring_query_language": [],
                "condition_prometheus_query_language": [],
                "condition_threshold": [
                  {
                    "aggregations": [
                      {
                        "alignment_period": "60s",
                        "cross_series_reducer": "",
                        "group_by_fields": [],
                        "per_series_aligner": "ALIGN_MEAN"
                      }
                    ],
                    "comparison": "COMPARISON_GT",
                    "denominator_aggregations": [],
                    "denominator_filter": "",
                    "duration": "0s",
                    "evaluation_missing_data": "",
                    "filter": "resource.type = \"pubsub_subscription\" AND metric.type = \"pubsub.googleapis.com/subscription/num_undelivered_messages\"",
                    "forecast_options": [],
                    "threshold_value": 5,
                    "trigger": []
                  }
                ],
                "display_name": "Unacknowledged messages detected",
                "name": "projects/projeto-483011/alertPolicies/12345423750743385633/conditions/12345423750743384326"
              }
            ],
            "creation_record": [
              {
                "mutate_time": "2026-01-12T22:49:52.679483634Z",
                "mutated_by": "terraform-sa@projeto-483011.iam.gserviceaccount.com"
              }
            ],
            "display_name": "Pub/Sub Unacked Messages Alert",
            "documentation": [],
            "enabled": true,
            "id": "projects/projeto-483011/alertPolicies/12345423750743385633",
            "name": "projects/projeto-483011/alertPolicies/12345423750743385633",
            "notification_channels": [
              "projects/projeto-483011/notificationChannels/5119037781120287877"
            ],
            "project": "projeto-483011",
            "severity": "",
            "timeouts": null,
            "user_labels": {}
          },
          "sensitive_attributes": [],
          "identity_schema_version": 0,
          "private": "eyJlMmJmYjczMC1lY2FhLTExZTYtOGY4OC0zNDM2M2JjN2M0YzAiOnsiY3JlYXRlIjoxMjAwMDAwMDAwMDAwLCJkZWxldGUiOjEyMDAwMDAwMDAwMDAsInVwZGF0ZSI6MTIwMDAwMDAwMDAwMH19",
          "dependencies": [
            "module.monitoring.google_monitoring_notification_channel.email"
          ]
        }
      ]
    },
    {
      "module": "module.monitoring",
      "mode": "managed",
      "type": "google_monitoring_alert_policy",
      "name": "redis_connections",
      "provider": "provider[\"registry.terraform.io/hashicorp/google\"]",
      "instances": [
        {
          "schema_version": 0,
          "attributes": {
            "alert_strategy": [
              {
                "auto_close": "1800s",
                "notification_channel_strategy": [],
                "notification_rate_limit": []
              }
            ],
            "combiner": "OR",
            "conditions": [
              {
                "condition_absent": [],
                "condition_matched_log": [],
                "condition_monitoring_query_language": [],
                "condition_prometheus_query_language": [],
                "condition_threshold": [
                  {
                    "aggregations": [
                      {
                        "alignment_period": "60s",
                        "cross_series_reducer": "",
                        "group_by_fields": [],
                        "per_series_aligner": "ALIGN_MEAN"
                      }
                    ],
                    "comparison": "COMPARISON_GT",
                    "denominator_aggregations": [],
                    "denominator_filter": "",
                    "duration": "0s",
                    "evaluation_missing_data": "",
                    "filter": "resource.type = \"redis_instance\" AND metric.type = \"redis.googleapis.com/clients/connected\"",
                    "forecast_options": [],
                    "threshold_value": 0,
                    "trigger": []
                  }
                ],
                "display_name": "Redis clients connected",
                "name": "projects/projeto-483011/alertPolicies/83307479295251874/conditions/83307479295251953"
              }
            ],
            "creation_record": [
              {
                "mutate_time": "2026-01-12T22:49:44.198568879Z",
                "mutated_by": "terraform-sa@projeto-483011.iam.gserviceaccount.com"
              }
            ],
            "display_name": "Redis Connected Clients Alert",
            "documentation": [],
            "enabled": true,
            "id": "projects/projeto-483011/alertPolicies/83307479295251874",
            "name": "projects/projeto-483011/alertPolicies/83307479295251874",
            "notification_channels": [
              "projects/projeto-483011/notificationChannels/5119037781120287877"
            ],
            "project": "projeto-483011",
            "severity": "",
            "timeouts": null,
            "user_labels": {}
          },
          "sensitive_attributes": [],
          "identity_schema_version": 0,
          "private": "eyJlMmJmYjczMC1lY2FhLTExZTYtOGY4OC0zNDM2M2JjN2M0YzAiOnsiY3JlYXRlIjoxMjAwMDAwMDAwMDAwLCJkZWxldGUiOjEyMDAwMDAwMDAwMDAsInVwZGF0ZSI6MTIwMDAwMDAwMDAwMH19",
          "dependencies": [
            "module.monitoring.google_monitoring_notification_channel.email"
          ]
        }
      ]
    },
    {
      "module": "module.monitoring",
      "mode": "managed",
      "type": "google_monitoring_alert_policy",
      "name": "redis_memory",
      "provider": "provider[\"registry.terraform.io/hashicorp/google\"]",
      "instances": [
        {
          "schema_version": 0,
          "attributes": {
            "alert_strategy": [
              {
                "auto_close": "1800s",
                "notification_channel_strategy": [],
                "notification_rate_limit": []
              }
            ],
            "combiner": "OR",
            "conditions": [
              {
                "condition_absent": [],
                "condition_matched_log": [],
                "condition_monitoring_query_language": [],
                "condition_prometheus_query_language": [],
                "condition_threshold": [
                  {
                    "aggregations": [
                      {
                        "alignment_period": "60s",
                        "cross_series_reducer": "",
                        "group_by_fields": [],
                        "per_series_aligner": "ALIGN_MEAN"
                      }
                    ],
                    "comparison": "COMPARISON_GT",
                    "denominator_aggregations": [],
                    "denominator_filter": "",
                    "duration": "300s",
                    "evaluation_missing_data": "",
                    "filter": "resource.type = \"redis_instance\" AND metric.type = \"redis.googleapis.com/stats/memory/usage_ratio\"",
                    "forecast_options": [],
                    "threshold_value": 0.8,
                    "trigger": []
                  }
                ],
                "display_name": "Redis memory usage above 80%",
                "name": "projects/projeto-483011/alertPolicies/1656419301433595302/conditions/1656419301433595817"
              }
            ],
            "creation_record": [
              {
                "mutate_time": "2026-01-12T22:49:51.287234306Z",
                "mutated_by": "terraform-sa@projeto-483011.iam.gserviceaccount.com"
              }
            ],
            "display_name": "Redis High Memory Alert",
            "documentation": [],
            "enabled": true,
            "id": "projects/projeto-483011/alertPolicies/1656419301433595302",
            "name": "projects/projeto-483011/alertPolicies/1656419301433595302",
            "notification_channels": [
              "projects/projeto-483011/notificationChannels/5119037781120287877"
            ],
            "project": "projeto-483011",
            "severity": "",
            "timeouts": null,
            "user_labels": {}
          },
          "sensitive_attributes": [],
          "identity_schema_version": 0,
          "private": "eyJlMmJmYjczMC1lY2FhLTExZTYtOGY4OC0zNDM2M2JjN2M0YzAiOnsiY3JlYXRlIjoxMjAwMDAwMDAwMDAwLCJkZWxldGUiOjEyMDAwMDAwMDAwMDAsInVwZGF0ZSI6MTIwMDAwMDAwMDAwMH19",
          "dependencies": [
            "module.monitoring.google_monitoring_notification_channel.email"
          ]
        }
      ]
    },
    {
      "module": "module.monitoring",
      "mode": "managed",
      "type": "google_monitoring_alert_policy",
      "name": "sql_connections",
      "provider": "provider[\"registry.terraform.io/hashicorp/google\"]",
      "instances": [
        {
          "schema_version": 0,
          "attributes": {
            "alert_strategy": [
              {
                "auto_close": "1800s",
                "notification_channel_strategy": [],
                "notification_rate_limit": []
              }
            ],
            "combiner": "OR",
            "conditions": [
              {
                "condition_absent": [],
                "condition_matched_log": [],
                "condition_monitoring_query_language": [],
                "condition_prometheus_query_language": [],
                "condition_threshold": [
                  {
                    "aggregations": [
                      {
                        "alignment_period": "60s",
                        "cross_series_reducer": "",
                        "group_by_fields": [],
                        "per_series_aligner": "ALIGN_MEAN"
                      }
                    ],
                    "comparison": "COMPARISON_GT",
                    "denominator_aggregations": [],
                    "denominator_filter": "",
                    "duration": "0s",
                    "evaluation_missing_data": "",
                    "filter": "resource.type = \"cloudsql_database\" AND metric.type = \"cloudsql.googleapis.com/database/postgresql/num_backends\"",
                    "forecast_options": [],
                    "threshold_value": 0,
                    "trigger": []
                  }
                ],
                "display_name": "SQL active connections detected",
                "name": "projects/projeto-483011/alertPolicies/12278433695545883822/conditions/12278433695545883711"
              }
            ],
            "creation_record": [
              {
                "mutate_time": "2026-01-12T22:49:54.144170268Z",
                "mutated_by": "terraform-sa@projeto-483011.iam.gserviceaccount.com"
              }
            ],
            "display_name": "Cloud SQL Active Connections Alert",
            "documentation": [],
            "enabled": true,
            "id": "projects/projeto-483011/alertPolicies/12278433695545883822",
            "name": "projects/projeto-483011/alertPolicies/12278433695545883822",
            "notification_channels": [
              "projects/projeto-483011/notificationChannels/5119037781120287877"
            ],
            "project": "projeto-483011",
            "severity": "",
            "timeouts": null,
            "user_labels": {}
          },
          "sensitive_attributes": [],
          "identity_schema_version": 0,
          "private": "eyJlMmJmYjczMC1lY2FhLTExZTYtOGY4OC0zNDM2M2JjN2M0YzAiOnsiY3JlYXRlIjoxMjAwMDAwMDAwMDAwLCJkZWxldGUiOjEyMDAwMDAwMDAwMDAsInVwZGF0ZSI6MTIwMDAwMDAwMDAwMH19",
          "dependencies": [
            "module.monitoring.google_monitoring_notification_channel.email"
          ]
        }
      ]
    },
    {
      "module": "module.monitoring",
      "mode": "managed",
      "type": "google_monitoring_alert_policy",
      "name": "sql_cpu",
      "provider": "provider[\"registry.terraform.io/hashicorp/google\"]",
      "instances": [
        {
          "schema_version": 0,
          "attributes": {
            "alert_strategy": [
              {
                "auto_close": "1800s",
                "notification_channel_strategy": [],
                "notification_rate_limit": []
              }
            ],
            "combiner": "OR",
            "conditions": [
              {
                "condition_absent": [],
                "condition_matched_log": [],
                "condition_monitoring_query_language": [],
                "condition_prometheus_query_language": [],
                "condition_threshold": [
                  {
                    "aggregations": [
                      {
                        "alignment_period": "60s",
                        "cross_series_reducer": "",
                        "group_by_fields": [],
                        "per_series_aligner": "ALIGN_MEAN"
                      }
                    ],
                    "comparison": "COMPARISON_GT",
                    "denominator_aggregations": [],
                    "denominator_filter": "",
                    "duration": "300s",
                    "evaluation_missing_data": "",
                    "filter": "resource.type = \"cloudsql_database\" AND metric.type = \"cloudsql.googleapis.com/database/cpu/utilization\"",
                    "forecast_options": [],
                    "threshold_value": 0.7,
                    "trigger": []
                  }
                ],
                "display_name": "SQL CPU usage above 70%",
                "name": "projects/projeto-483011/alertPolicies/13769583667918994573/conditions/13769583667918993186"
              }
            ],
            "creation_record": [
              {
                "mutate_time": "2026-01-12T22:49:48.468213911Z",
                "mutated_by": "terraform-sa@projeto-483011.iam.gserviceaccount.com"
              }
            ],
            "display_name": "Cloud SQL High CPU Alert",
            "documentation": [],
            "enabled": true,
            "id": "projects/projeto-483011/alertPolicies/13769583667918994573",
            "name": "projects/projeto-483011/alertPolicies/13769583667918994573",
            "notification_channels": [
              "projects/projeto-483011/notificationChannels/5119037781120287877"
            ],
            "project": "projeto-483011",
            "severity": "",
            "timeouts": null,
            "user_labels": {}
          },
          "sensitive_attributes": [],
          "identity_schema_version": 0,
          "private": "eyJlMmJmYjczMC1lY2FhLTExZTYtOGY4OC0zNDM2M2JjN2M0YzAiOnsiY3JlYXRlIjoxMjAwMDAwMDAwMDAwLCJkZWxldGUiOjEyMDAwMDAwMDAwMDAsInVwZGF0ZSI6MTIwMDAwMDAwMDAwMH19",
          "dependencies": [
            "module.monitoring.google_monitoring_notification_channel.email"
          ]
        }
      ]
    },
    {
      "module": "module.monitoring",
      "mode": "managed",
      "type": "google_monitoring_alert_policy",
      "name": "storage_object_count",
      "provider": "provider[\"registry.terraform.io/hashicorp/google\"]",
      "instances": [
        {
          "schema_version": 0,
          "attributes": {
            "alert_strategy": [
              {
                "auto_close": "1800s",
                "notification_channel_strategy": [],
                "notification_rate_limit": []
              }
            ],
            "combiner": "OR",
            "conditions": [
              {
                "condition_absent": [],
                "condition_matched_log": [],
                "condition_monitoring_query_language": [],
                "condition_prometheus_query_language": [],
                "condition_threshold": [
                  {
                    "aggregations": [
                      {
                        "alignment_period": "60s",
                        "cross_series_reducer": "",
                        "group_by_fields": [],
                        "per_series_aligner": "ALIGN_MEAN"
                      }
                    ],
                    "comparison": "COMPARISON_GT",
                    "denominator_aggregations": [],
                    "denominator_filter": "",
                    "duration": "0s",
                    "evaluation_missing_data": "",
                    "filter": "resource.type = \"gcs_bucket\" AND metric.type = \"storage.googleapis.com/storage/object_count\"",
                    "forecast_options": [],
                    "threshold_value": 0,
                    "trigger": []
                  }
                ],
                "display_name": "Object count changed in bucket",
                "name": "projects/projeto-483011/alertPolicies/16062998610383333055/conditions/16062998610383332766"
              }
            ],
            "creation_record": [
              {
                "mutate_time": "2026-01-12T22:49:55.565516588Z",
                "mutated_by": "terraform-sa@projeto-483011.iam.gserviceaccount.com"
              }
            ],
            "display_name": "Storage Object Count Alert",
            "documentation": [],
            "enabled": true,
            "id": "projects/projeto-483011/alertPolicies/16062998610383333055",
            "name": "projects/projeto-483011/alertPolicies/16062998610383333055",
            "notification_channels": [
              "projects/projeto-483011/notificationChannels/5119037781120287877"
            ],
            "project": "projeto-483011",
            "severity": "",
            "timeouts": null,
            "user_labels": {}
          },
          "sensitive_attributes": [],
          "identity_schema_version": 0,
          "private": "eyJlMmJmYjczMC1lY2FhLTExZTYtOGY4OC0zNDM2M2JjN2M0YzAiOnsiY3JlYXRlIjoxMjAwMDAwMDAwMDAwLCJkZWxldGUiOjEyMDAwMDAwMDAwMDAsInVwZGF0ZSI6MTIwMDAwMDAwMDAwMH19",
          "dependencies": [
            "module.monitoring.google_monitoring_notification_channel.email"
          ]
        }
      ]
    },
    {
      "module": "module.monitoring",
      "mode": "managed",
      "type": "google_monitoring_notification_channel",
      "name": "email",
      "provider": "provider[\"registry.terraform.io/hashicorp/google\"]",
      "instances": [
        {
          "schema_version": 0,
          "attributes": {
            "description": "",
            "display_name": "Email Notification Channel",
            "enabled": true,
            "force_delete": false,
            "id": "projects/projeto-483011/notificationChannels/5119037781120287877",
            "labels": {
              "email_address": "mariajoao432@gmail.com"
            },
            "name": "projects/projeto-483011/notificationChannels/5119037781120287877",
            "project": "projeto-483011",
            "sensitive_labels": [],
            "timeouts": null,
            "type": "email",
            "user_labels": {},
            "verification_status": ""
          },
          "sensitive_attributes": [],
          "identity_schema_version": 0,
          "private": "eyJlMmJmYjczMC1lY2FhLTExZTYtOGY4OC0zNDM2M2JjN2M0YzAiOnsiY3JlYXRlIjoxMjAwMDAwMDAwMDAwLCJkZWxldGUiOjEyMDAwMDAwMDAwMDAsInVwZGF0ZSI6MTIwMDAwMDAwMDAwMH19"
        }
      ]
    },
    {
      "module": "module.monitoring",
      "mode": "managed",
      "type": "google_monitoring_uptime_check_config",
      "name": "http_check",
      "provider": "provider[\"registry.terraform.io/hashicorp/google\"]",
      "instances": [
        {
          "schema_version": 0,
          "attributes": {
            "checker_type": "STATIC_IP_CHECKERS",
            "content_matchers": [],
            "display_name": "HTTP Uptime Check",
            "http_check": [
              {
                "accepted_response_status_codes": [],
                "auth_info": [],
                "body": "",
                "content_type": "",
                "custom_content_type": "",
                "headers": {},
                "mask_headers": false,
                "path": "/",
                "ping_config": [],
                "port": 80,
                "request_method": "GET",
                "service_agent_authentication": [],
                "use_ssl": false,
                "validate_ssl": false
              }
            ],
            "id": "projects/projeto-483011/uptimeCheckConfigs/http-uptime-check-rTWwSVzt3OM",
            "monitored_resource": [
              {
                "labels": {
                  "host": "example.com",
                  "project_id": "projeto-483011"
                },
                "type": "uptime_url"
              }
            ],
            "name": "projects/projeto-483011/uptimeCheckConfigs/http-uptime-check-rTWwSVzt3OM",
            "period": "60s",
            "project": "projeto-483011",
            "resource_group": [],
            "selected_regions": [],
            "synthetic_monitor": [],
            "tcp_check": [],
            "timeout": "10s",
            "timeouts": null,
            "uptime_check_id": "http-uptime-check-rTWwSVzt3OM",
            "user_labels": {}
          },
          "sensitive_attributes": [],
          "identity_schema_version": 0,
          "private": "eyJlMmJmYjczMC1lY2FhLTExZTYtOGY4OC0zNDM2M2JjN2M0YzAiOnsiY3JlYXRlIjoxMjAwMDAwMDAwMDAwLCJkZWxldGUiOjEyMDAwMDAwMDAwMDAsInVwZGF0ZSI6MTIwMDAwMDAwMDAwMH19"
        }
      ]
    },
    {
      "module": "module.network",
      "mode": "managed",
      "type": "google_compute_address",
      "name": "vm1-ip-address",
      "provider": "provider[\"registry.terraform.io/hashicorp/google\"]",
      "instances": [
        {
          "schema_version": 0,
          "attributes": {
            "address": "34.77.251.202",
            "address_type": "EXTERNAL",
            "creation_timestamp": "2026-01-12T14:10:49.401-08:00",
            "description": "",
            "effective_labels": {},
            "id": "projects/projeto-483011/regions/europe-west1/addresses/vm1-ipv4-address",
            "ip_version": "",
            "ipv6_endpoint_type": "",
            "label_fingerprint": "42WmSpB8rSM=",
            "labels": {},
            "name": "vm1-ipv4-address",
            "network": "",
            "network_tier": "PREMIUM",
            "prefix_length": 0,
            "project": "projeto-483011",
            "purpose": "",
            "region": "europe-west1",
            "self_link": "https://www.googleapis.com/compute/v1/projects/projeto-483011/regions/europe-west1/addresses/vm1-ipv4-address",
            "subnetwork": "",
            "terraform_labels": {},
            "timeouts": null,
            "users": [
              "https://www.googleapis.com/compute/v1/projects/projeto-483011/zones/europe-west1-b/instances/vm1-instance"
            ]
          },
          "sensitive_attributes": [],
          "identity_schema_version": 0,
          "private": "eyJlMmJmYjczMC1lY2FhLTExZTYtOGY4OC0zNDM2M2JjN2M0YzAiOnsiY3JlYXRlIjoxMjAwMDAwMDAwMDAwLCJkZWxldGUiOjEyMDAwMDAwMDAwMDAsInVwZGF0ZSI6MTIwMDAwMDAwMDAwMH19"
        }
      ]
    },
    {
      "module": "module.network",
      "mode": "managed",
      "type": "google_compute_backend_service",
      "name": "default",
      "provider": "provider[\"registry.terraform.io/hashicorp/google\"]",
      "instances": [
        {
          "schema_version": 1,
          "attributes": {
            "affinity_cookie_ttl_sec": 0,
            "backend": [
              {
                "balancing_mode": "UTILIZATION",
                "capacity_scaler": 1,
                "description": "",
                "group": "https://www.googleapis.com/compute/v1/projects/projeto-483011/zones/europe-west1-b/instanceGroups/vm-group",
                "max_connections": 0,
                "max_connections_per_endpoint": 0,
                "max_connections_per_instance": 0,
                "max_rate": 0,
                "max_rate_per_endpoint": 0,
                "max_rate_per_instance": 0,
                "max_utilization": 0
              }
            ],
            "cdn_policy": [],
            "circuit_breakers": [],
            "compression_mode": "",
            "connection_draining_timeout_sec": 300,
            "consistent_hash": [],
            "creation_timestamp": "2026-01-12T14:12:18.351-08:00",
            "custom_request_headers": [],
            "custom_response_headers": [],
            "description": "",
            "edge_security_policy": "",
            "enable_cdn": false,
            "fingerprint": "Ikvjr0LXRU0=",
            "generated_id": 1330553967709048621,
            "health_checks": [
              "https://www.googleapis.com/compute/v1/projects/projeto-483011/global/healthChecks/http-health-check"
            ],
            "iap": [],
            "id": "projects/projeto-483011/global/backendServices/backend-service",
            "load_balancing_scheme": "EXTERNAL",
            "locality_lb_policies": [],
            "locality_lb_policy": "",
            "log_config": [],
            "name": "backend-service",
            "outlier_detection": [],
            "port_name": "http",
            "project": "projeto-483011",
            "protocol": "HTTP",
            "security_policy": "https://www.googleapis.com/compute/v1/projects/projeto-483011/global/securityPolicies/multi-policy",
            "security_settings": [],
            "self_link": "https://www.googleapis.com/compute/v1/projects/projeto-483011/global/backendServices/backend-service",
            "session_affinity": "NONE",
            "timeout_sec": 10,
            "timeouts": null
          },
          "sensitive_attributes": [],
          "identity_schema_version": 0,
          "private": "eyJlMmJmYjczMC1lY2FhLTExZTYtOGY4OC0zNDM2M2JjN2M0YzAiOnsiY3JlYXRlIjoxMjAwMDAwMDAwMDAwLCJkZWxldGUiOjEyMDAwMDAwMDAwMDAsInVwZGF0ZSI6MTIwMDAwMDAwMDAwMH0sInNjaGVtYV92ZXJzaW9uIjoiMSJ9",
          "dependencies": [
            "module.compute_engine.google_compute_instance_group_manager.default",
            "module.compute_engine.google_compute_instance_template.default",
            "module.network.google_compute_health_check.default",
            "module.network.google_compute_network.this",
            "module.network.google_compute_security_policy.multi_policy",
            "module.network.google_compute_subnetwork.this"
          ]
        }
      ]
    },
    {
      "module": "module.network",
      "mode": "managed",
      "type": "google_compute_firewall",
      "name": "default-allow-http",
      "provider": "provider[\"registry.terraform.io/hashicorp/google\"]",
      "instances": [
        {
          "schema_version": 1,
          "attributes": {
            "allow": [
              {
                "ports": [
                  "80"
                ],
                "protocol": "tcp"
              }
            ],
            "creation_timestamp": "2026-01-12T14:11:11.423-08:00",
            "deny": [],
            "description": "",
            "destination_ranges": [],
            "direction": "INGRESS",
            "disabled": false,
            "enable_logging": null,
            "id": "projects/projeto-483011/global/firewalls/default-allow-http",
            "log_config": [],
            "name": "default-allow-http",
            "network": "https://www.googleapis.com/compute/v1/projects/projeto-483011/global/networks/custom-vpc",
            "priority": 1000,
            "project": "projeto-483011",
            "self_link": "https://www.googleapis.com/compute/v1/projects/projeto-483011/global/firewalls/default-allow-http",
            "source_ranges": [
              "0.0.0.0/0"
            ],
            "source_service_accounts": [],
            "source_tags": [],
            "target_service_accounts": [],
            "target_tags": [
              "https-server"
            ],
            "timeouts": null
          },
          "sensitive_attributes": [],
          "identity_schema_version": 0,
          "private": "eyJlMmJmYjczMC1lY2FhLTExZTYtOGY4OC0zNDM2M2JjN2M0YzAiOnsiY3JlYXRlIjoxMjAwMDAwMDAwMDAwLCJkZWxldGUiOjEyMDAwMDAwMDAwMDAsInVwZGF0ZSI6MTIwMDAwMDAwMDAwMH0sInNjaGVtYV92ZXJzaW9uIjoiMSJ9",
          "dependencies": [
            "module.network.google_compute_network.this"
          ]
        }
      ]
    },
    {
      "module": "module.network",
      "mode": "managed",
      "type": "google_compute_firewall",
      "name": "default-allow-internal",
      "provider": "provider[\"registry.terraform.io/hashicorp/google\"]",
      "instances": [
        {
          "schema_version": 1,
          "attributes": {
            "allow": [
              {
                "ports": [
                  "0-65535"
                ],
                "protocol": "tcp"
              },
              {
                "ports": [
                  "0-65535"
                ],
                "protocol": "udp"
              },
              {
                "ports": [],
                "protocol": "icmp"
              }
            ],
            "creation_timestamp": "2026-01-12T14:11:11.188-08:00",
            "deny": [],
            "description": "",
            "destination_ranges": [],
            "direction": "INGRESS",
            "disabled": false,
            "enable_logging": null,
            "id": "projects/projeto-483011/global/firewalls/default-allow-internal",
            "log_config": [],
            "name": "default-allow-internal",
            "network": "https://www.googleapis.com/compute/v1/projects/projeto-483011/global/networks/custom-vpc",
            "priority": 1000,
            "project": "projeto-483011",
            "self_link": "https://www.googleapis.com/compute/v1/projects/projeto-483011/global/firewalls/default-allow-internal",
            "source_ranges": [
              "10.0.1.0/24"
            ],
            "source_service_accounts": [],
            "source_tags": [],
            "target_service_accounts": [],
            "target_tags": [],
            "timeouts": null
          },
          "sensitive_attributes": [],
          "identity_schema_version": 0,
          "private": "eyJlMmJmYjczMC1lY2FhLTExZTYtOGY4OC0zNDM2M2JjN2M0YzAiOnsiY3JlYXRlIjoxMjAwMDAwMDAwMDAwLCJkZWxldGUiOjEyMDAwMDAwMDAwMDAsInVwZGF0ZSI6MTIwMDAwMDAwMDAwMH0sInNjaGVtYV92ZXJzaW9uIjoiMSJ9",
          "dependencies": [
            "module.network.google_compute_network.this"
          ]
        }
      ]
    },
    {
      "module": "module.network",
      "mode": "managed",
      "type": "google_compute_firewall",
      "name": "default-allow-ssh",
      "provider": "provider[\"registry.terraform.io/hashicorp/google\"]",
      "instances": [
        {
          "schema_version": 1,
          "attributes": {
            "allow": [
              {
                "ports": [
                  "22"
                ],
                "protocol": "tcp"
              }
            ],
            "creation_timestamp": "2026-01-12T14:11:11.334-08:00",
            "deny": [],
            "description": "",
            "destination_ranges": [],
            "direction": "INGRESS",
            "disabled": false,
            "enable_logging": null,
            "id": "projects/projeto-483011/global/firewalls/default-allow-ssh",
            "log_config": [],
            "name": "default-allow-ssh",
            "network": "https://www.googleapis.com/compute/v1/projects/projeto-483011/global/networks/custom-vpc",
            "priority": 2000,
            "project": "projeto-483011",
            "self_link": "https://www.googleapis.com/compute/v1/projects/projeto-483011/global/firewalls/default-allow-ssh",
            "source_ranges": [
              "0.0.0.0/0"
            ],
            "source_service_accounts": [],
            "source_tags": [],
            "target_service_accounts": [],
            "target_tags": [],
            "timeouts": null
          },
          "sensitive_attributes": [],
          "identity_schema_version": 0,
          "private": "eyJlMmJmYjczMC1lY2FhLTExZTYtOGY4OC0zNDM2M2JjN2M0YzAiOnsiY3JlYXRlIjoxMjAwMDAwMDAwMDAwLCJkZWxldGUiOjEyMDAwMDAwMDAwMDAsInVwZGF0ZSI6MTIwMDAwMDAwMDAwMH0sInNjaGVtYV92ZXJzaW9uIjoiMSJ9",
          "dependencies": [
            "module.network.google_compute_network.this"
          ]
        }
      ]
    },
    {
      "module": "module.network",
      "mode": "managed",
      "type": "google_compute_firewall",
      "name": "default-allow-ssh-icmp",
      "provider": "provider[\"registry.terraform.io/hashicorp/google\"]",
      "instances": [
        {
          "schema_version": 1,
          "attributes": {
            "allow": [
              {
                "ports": [
                  "22"
                ],
                "protocol": "tcp"
              },
              {
                "ports": [],
                "protocol": "icmp"
              }
            ],
            "creation_timestamp": "2026-01-12T14:11:11.218-08:00",
            "deny": [],
            "description": "",
            "destination_ranges": [],
            "direction": "INGRESS",
            "disabled": false,
            "enable_logging": null,
            "id": "projects/projeto-483011/global/firewalls/default-allow-ssh-icmp",
            "log_config": [],
            "name": "default-allow-ssh-icmp",
            "network": "https://www.googleapis.com/compute/v1/projects/projeto-483011/global/networks/custom-vpc",
            "priority": 2000,
            "project": "projeto-483011",
            "self_link": "https://www.googleapis.com/compute/v1/projects/projeto-483011/global/firewalls/default-allow-ssh-icmp",
            "source_ranges": [
              "0.0.0.0/0"
            ],
            "source_service_accounts": [],
            "source_tags": [],
            "target_service_accounts": [],
            "target_tags": [
              "https-server"
            ],
            "timeouts": null
          },
          "sensitive_attributes": [],
          "identity_schema_version": 0,
          "private": "eyJlMmJmYjczMC1lY2FhLTExZTYtOGY4OC0zNDM2M2JjN2M0YzAiOnsiY3JlYXRlIjoxMjAwMDAwMDAwMDAwLCJkZWxldGUiOjEyMDAwMDAwMDAwMDAsInVwZGF0ZSI6MTIwMDAwMDAwMDAwMH0sInNjaGVtYV92ZXJzaW9uIjoiMSJ9",
          "dependencies": [
            "module.network.google_compute_network.this"
          ]
        }
      ]
    },
    {
      "module": "module.network",
      "mode": "managed",
      "type": "google_compute_firewall",
      "name": "deny-all",
      "provider": "provider[\"registry.terraform.io/hashicorp/google\"]",
      "instances": [
        {
          "schema_version": 1,
          "attributes": {
            "allow": [],
            "creation_timestamp": "2026-01-12T14:11:11.327-08:00",
            "deny": [
              {
                "ports": [],
                "protocol": "all"
              }
            ],
            "description": "",
            "destination_ranges": [],
            "direction": "INGRESS",
            "disabled": false,
            "enable_logging": null,
            "id": "projects/projeto-483011/global/firewalls/deny-all",
            "log_config": [],
            "name": "deny-all",
            "network": "https://www.googleapis.com/compute/v1/projects/projeto-483011/global/networks/custom-vpc",
            "priority": 65534,
            "project": "projeto-483011",
            "self_link": "https://www.googleapis.com/compute/v1/projects/projeto-483011/global/firewalls/deny-all",
            "source_ranges": [
              "0.0.0.0/0"
            ],
            "source_service_accounts": [],
            "source_tags": [],
            "target_service_accounts": [],
            "target_tags": [],
            "timeouts": null
          },
          "sensitive_attributes": [],
          "identity_schema_version": 0,
          "private": "eyJlMmJmYjczMC1lY2FhLTExZTYtOGY4OC0zNDM2M2JjN2M0YzAiOnsiY3JlYXRlIjoxMjAwMDAwMDAwMDAwLCJkZWxldGUiOjEyMDAwMDAwMDAwMDAsInVwZGF0ZSI6MTIwMDAwMDAwMDAwMH0sInNjaGVtYV92ZXJzaW9uIjoiMSJ9",
          "dependencies": [
            "module.network.google_compute_network.this"
          ]
        }
      ]
    },
    {
      "module": "module.network",
      "mode": "managed",
      "type": "google_compute_global_address",
      "name": "load_balancer_ip",
      "provider": "provider[\"registry.terraform.io/hashicorp/google\"]",
      "instances": [
        {
          "schema_version": 0,
          "attributes": {
            "address": "130.211.22.238",
            "address_type": "EXTERNAL",
            "creation_timestamp": "2026-01-12T14:10:49.481-08:00",
            "description": "",
            "id": "projects/projeto-483011/global/addresses/load-balancer-ip",
            "ip_version": "",
            "name": "load-balancer-ip",
            "network": "",
            "prefix_length": 0,
            "project": "projeto-483011",
            "purpose": "",
            "self_link": "https://www.googleapis.com/compute/v1/projects/projeto-483011/global/addresses/load-balancer-ip",
            "timeouts": null
          },
          "sensitive_attributes": [],
          "identity_schema_version": 0,
          "private": "eyJlMmJmYjczMC1lY2FhLTExZTYtOGY4OC0zNDM2M2JjN2M0YzAiOnsiY3JlYXRlIjoxMjAwMDAwMDAwMDAwLCJkZWxldGUiOjEyMDAwMDAwMDAwMDB9fQ=="
        }
      ]
    },
    {
      "module": "module.network",
      "mode": "managed",
      "type": "google_compute_global_forwarding_rule",
      "name": "default",
      "provider": "provider[\"registry.terraform.io/hashicorp/google\"]",
      "instances": [
        {
          "schema_version": 0,
          "attributes": {
            "base_forwarding_rule": "",
            "description": "",
            "effective_labels": {},
            "id": "projects/projeto-483011/global/forwardingRules/http-forwarding-rule",
            "ip_address": "130.211.22.238",
            "ip_protocol": "TCP",
            "ip_version": "",
            "label_fingerprint": "42WmSpB8rSM=",
            "labels": {},
            "load_balancing_scheme": "EXTERNAL",
            "metadata_filters": [],
            "name": "http-forwarding-rule",
            "network": "",
            "no_automate_dns_zone": null,
            "port_range": "80-80",
            "project": "projeto-483011",
            "psc_connection_id": "",
            "psc_connection_status": "",
            "self_link": "https://www.googleapis.com/compute/v1/projects/projeto-483011/global/forwardingRules/http-forwarding-rule",
            "service_directory_registrations": [],
            "source_ip_ranges": [],
            "subnetwork": "",
            "target": "https://www.googleapis.com/compute/v1/projects/projeto-483011/global/targetHttpProxies/http-proxy",
            "terraform_labels": {},
            "timeouts": null
          },
          "sensitive_attributes": [],
          "identity_schema_version": 0,
          "private": "eyJlMmJmYjczMC1lY2FhLTExZTYtOGY4OC0zNDM2M2JjN2M0YzAiOnsiY3JlYXRlIjoxMjAwMDAwMDAwMDAwLCJkZWxldGUiOjEyMDAwMDAwMDAwMDAsInVwZGF0ZSI6MTIwMDAwMDAwMDAwMH19",
          "dependencies": [
            "module.compute_engine.google_compute_instance_group_manager.default",
            "module.compute_engine.google_compute_instance_template.default",
            "module.network.google_compute_backend_service.default",
            "module.network.google_compute_global_address.load_balancer_ip",
            "module.network.google_compute_health_check.default",
            "module.network.google_compute_network.this",
            "module.network.google_compute_security_policy.multi_policy",
            "module.network.google_compute_subnetwork.this",
            "module.network.google_compute_target_http_proxy.default",
            "module.network.google_compute_url_map.default"
          ]
        }
      ]
    },
    {
      "module": "module.network",
      "mode": "managed",
      "type": "google_compute_global_forwarding_rule",
      "name": "https",
      "provider": "provider[\"registry.terraform.io/hashicorp/google\"]",
      "instances": [
        {
          "schema_version": 0,
          "attributes": {
            "base_forwarding_rule": "",
            "description": "",
            "effective_labels": {},
            "id": "projects/projeto-483011/global/forwardingRules/https-forwarding-rule",
            "ip_address": "130.211.22.238",
            "ip_protocol": "TCP",
            "ip_version": "",
            "label_fingerprint": "42WmSpB8rSM=",
            "labels": {},
            "load_balancing_scheme": "EXTERNAL",
            "metadata_filters": [],
            "name": "https-forwarding-rule",
            "network": "",
            "no_automate_dns_zone": null,
            "port_range": "443-443",
            "project": "projeto-483011",
            "psc_connection_id": "",
            "psc_connection_status": "",
            "self_link": "https://www.googleapis.com/compute/v1/projects/projeto-483011/global/forwardingRules/https-forwarding-rule",
            "service_directory_registrations": [],
            "source_ip_ranges": [],
            "subnetwork": "",
            "target": "https://www.googleapis.com/compute/v1/projects/projeto-483011/global/targetHttpsProxies/https-proxy",
            "terraform_labels": {},
            "timeouts": null
          },
          "sensitive_attributes": [],
          "identity_schema_version": 0,
          "private": "eyJlMmJmYjczMC1lY2FhLTExZTYtOGY4OC0zNDM2M2JjN2M0YzAiOnsiY3JlYXRlIjoxMjAwMDAwMDAwMDAwLCJkZWxldGUiOjEyMDAwMDAwMDAwMDAsInVwZGF0ZSI6MTIwMDAwMDAwMDAwMH19",
          "dependencies": [
            "module.compute_engine.google_compute_instance_group_manager.default",
            "module.compute_engine.google_compute_instance_template.default",
            "module.network.google_compute_backend_service.default",
            "module.network.google_compute_global_address.load_balancer_ip",
            "module.network.google_compute_health_check.default",
            "module.network.google_compute_managed_ssl_certificate.default",
            "module.network.google_compute_network.this",
            "module.network.google_compute_security_policy.multi_policy",
            "module.network.google_compute_subnetwork.this",
            "module.network.google_compute_target_https_proxy.default",
            "module.network.google_compute_url_map.default"
          ]
        }
      ]
    },
    {
      "module": "module.network",
      "mode": "managed",
      "type": "google_compute_health_check",
      "name": "default",
      "provider": "provider[\"registry.terraform.io/hashicorp/google\"]",
      "instances": [
        {
          "schema_version": 0,
          "attributes": {
            "check_interval_sec": 5,
            "creation_timestamp": "2026-01-12T14:10:49.406-08:00",
            "description": "",
            "grpc_health_check": [],
            "healthy_threshold": 2,
            "http2_health_check": [],
            "http_health_check": [
              {
                "host": "",
                "port": 80,
                "port_name": "",
                "port_specification": "",
                "proxy_header": "NONE",
                "request_path": "/",
                "response": ""
              }
            ],
            "https_health_check": [],
            "id": "projects/projeto-483011/global/healthChecks/http-health-check",
            "log_config": [
              {
                "enable": false
              }
            ],
            "name": "http-health-check",
            "project": "projeto-483011",
            "self_link": "https://www.googleapis.com/compute/v1/projects/projeto-483011/global/healthChecks/http-health-check",
            "ssl_health_check": [],
            "tcp_health_check": [],
            "timeout_sec": 5,
            "timeouts": null,
            "type": "HTTP",
            "unhealthy_threshold": 2
          },
          "sensitive_attributes": [],
          "identity_schema_version": 0,
          "private": "eyJlMmJmYjczMC1lY2FhLTExZTYtOGY4OC0zNDM2M2JjN2M0YzAiOnsiY3JlYXRlIjoxMjAwMDAwMDAwMDAwLCJkZWxldGUiOjEyMDAwMDAwMDAwMDAsInVwZGF0ZSI6MTIwMDAwMDAwMDAwMH19"
        }
      ]
    },
    {
      "module": "module.network",
      "mode": "managed",
      "type": "google_compute_managed_ssl_certificate",
      "name": "default",
      "provider": "provider[\"registry.terraform.io/hashicorp/google\"]",
      "instances": [
        {
          "schema_version": 0,
          "attributes": {
            "certificate_id": 6172618020394422150,
            "creation_timestamp": "2026-01-12T14:10:49.412-08:00",
            "description": "",
            "expire_time": "",
            "id": "projects/projeto-483011/global/sslCertificates/managed-cert",
            "managed": [
              {
                "domains": [
                  "deusnosajude.pt"
                ]
              }
            ],
            "name": "managed-cert",
            "project": "projeto-483011",
            "self_link": "https://www.googleapis.com/compute/v1/projects/projeto-483011/global/sslCertificates/managed-cert",
            "subject_alternative_names": [],
            "timeouts": null,
            "type": "MANAGED"
          },
          "sensitive_attributes": [],
          "identity_schema_version": 0,
          "private": "eyJlMmJmYjczMC1lY2FhLTExZTYtOGY4OC0zNDM2M2JjN2M0YzAiOnsiY3JlYXRlIjoxODAwMDAwMDAwMDAwLCJkZWxldGUiOjE4MDAwMDAwMDAwMDB9fQ=="
        }
      ]
    },
    {
      "module": "module.network",
      "mode": "managed",
      "type": "google_compute_network",
      "name": "this",
      "provider": "provider[\"registry.terraform.io/hashicorp/google\"]",
      "instances": [
        {
          "schema_version": 0,
          "attributes": {
            "auto_create_subnetworks": false,
            "delete_default_routes_on_create": false,
            "description": "",
            "enable_ula_internal_ipv6": false,
            "gateway_ipv4": "",
            "id": "projects/projeto-483011/global/networks/custom-vpc",
            "internal_ipv6_range": "",
            "mtu": 0,
            "name": "custom-vpc",
            "network_firewall_policy_enforcement_order": "AFTER_CLASSIC_FIREWALL",
            "numeric_id": "7045193587818549126",
            "project": "projeto-483011",
            "routing_mode": "REGIONAL",
            "self_link": "https://www.googleapis.com/compute/v1/projects/projeto-483011/global/networks/custom-vpc",
            "timeouts": null
          },
          "sensitive_attributes": [],
          "identity_schema_version": 0,
          "private": "eyJlMmJmYjczMC1lY2FhLTExZTYtOGY4OC0zNDM2M2JjN2M0YzAiOnsiY3JlYXRlIjoxMjAwMDAwMDAwMDAwLCJkZWxldGUiOjEyMDAwMDAwMDAwMDAsInVwZGF0ZSI6MTIwMDAwMDAwMDAwMH19",
          "create_before_destroy": true
        }
      ]
    },
    {
      "module": "module.network",
      "mode": "managed",
      "type": "google_compute_router",
      "name": "nat-router",
      "provider": "provider[\"registry.terraform.io/hashicorp/google\"]",
      "instances": [
        {
          "schema_version": 0,
          "attributes": {
            "bgp": [],
            "creation_timestamp": "2026-01-12T14:11:11.212-08:00",
            "description": "",
            "encrypted_interconnect_router": false,
            "id": "projects/projeto-483011/regions/europe-west1/routers/nat-router",
            "name": "nat-router",
            "network": "https://www.googleapis.com/compute/v1/projects/projeto-483011/global/networks/custom-vpc",
            "project": "projeto-483011",
            "region": "europe-west1",
            "self_link": "https://www.googleapis.com/compute/v1/projects/projeto-483011/regions/europe-west1/routers/nat-router",
            "timeouts": null
          },
          "sensitive_attributes": [],
          "identity_schema_version": 0,
          "private": "eyJlMmJmYjczMC1lY2FhLTExZTYtOGY4OC0zNDM2M2JjN2M0YzAiOnsiY3JlYXRlIjoxMjAwMDAwMDAwMDAwLCJkZWxldGUiOjEyMDAwMDAwMDAwMDAsInVwZGF0ZSI6MTIwMDAwMDAwMDAwMH19",
          "dependencies": [
            "module.network.google_compute_network.this"
          ]
        }
      ]
    },
    {
      "module": "module.network",
      "mode": "managed",
      "type": "google_compute_router_nat",
      "name": "nat-config",
      "provider": "provider[\"registry.terraform.io/hashicorp/google\"]",
      "instances": [
        {
          "schema_version": 0,
          "attributes": {
            "drain_nat_ips": [],
            "enable_dynamic_port_allocation": false,
            "enable_endpoint_independent_mapping": false,
            "endpoint_types": [
              "ENDPOINT_TYPE_VM"
            ],
            "icmp_idle_timeout_sec": 30,
            "id": "projeto-483011/europe-west1/nat-router/nat-config",
            "log_config": [
              {
                "enable": true,
                "filter": "ERRORS_ONLY"
              }
            ],
            "max_ports_per_vm": 0,
            "min_ports_per_vm": 0,
            "name": "nat-config",
            "nat_ip_allocate_option": "AUTO_ONLY",
            "nat_ips": [],
            "project": "projeto-483011",
            "region": "europe-west1",
            "router": "nat-router",
            "rules": [],
            "source_subnetwork_ip_ranges_to_nat": "ALL_SUBNETWORKS_ALL_IP_RANGES",
            "subnetwork": [],
            "tcp_established_idle_timeout_sec": 1200,
            "tcp_time_wait_timeout_sec": 120,
            "tcp_transitory_idle_timeout_sec": 30,
            "timeouts": null,
            "udp_idle_timeout_sec": 30
          },
          "sensitive_attributes": [],
          "identity_schema_version": 0,
          "private": "eyJlMmJmYjczMC1lY2FhLTExZTYtOGY4OC0zNDM2M2JjN2M0YzAiOnsiY3JlYXRlIjoxMjAwMDAwMDAwMDAwLCJkZWxldGUiOjEyMDAwMDAwMDAwMDAsInVwZGF0ZSI6MTIwMDAwMDAwMDAwMH19",
          "dependencies": [
            "module.network.google_compute_network.this",
            "module.network.google_compute_router.nat-router"
          ]
        }
      ]
    },
    {
      "module": "module.network",
      "mode": "managed",
      "type": "google_compute_security_policy",
      "name": "multi_policy",
      "provider": "provider[\"registry.terraform.io/hashicorp/google\"]",
      "instances": [
        {
          "schema_version": 0,
          "attributes": {
            "adaptive_protection_config": [],
            "advanced_options_config": [],
            "description": "",
            "fingerprint": "J92nL2VTDb4=",
            "id": "projects/projeto-483011/global/securityPolicies/multi-policy",
            "name": "multi-policy",
            "project": "projeto-483011",
            "recaptcha_options_config": [],
            "rule": [
              {
                "action": "allow",
                "description": "",
                "header_action": [],
                "match": [
                  {
                    "config": [
                      {
                        "src_ip_ranges": [
                          "*"
                        ]
                      }
                    ],
                    "expr": [],
                    "versioned_expr": "SRC_IPS_V1"
                  }
                ],
                "preview": false,
                "priority": 2147483647,
                "rate_limit_options": [],
                "redirect_options": []
              },
              {
                "action": "deny(403)",
                "description": "Bloquear tráfego fora de PT e ES",
                "header_action": [],
                "match": [
                  {
                    "config": [],
                    "expr": [
                      {
                        "expression": "!(origin.region_code == 'PT' || origin.region_code == 'ES')"
                      }
                    ],
                    "versioned_expr": ""
                  }
                ],
                "preview": false,
                "priority": 1000,
                "rate_limit_options": [],
                "redirect_options": []
              },
              {
                "action": "throttle",
                "description": "Limitar 20 req/min por IP",
                "header_action": [],
                "match": [
                  {
                    "config": [
                      {
                        "src_ip_ranges": [
                          "*"
                        ]
                      }
                    ],
                    "expr": [],
                    "versioned_expr": "SRC_IPS_V1"
                  }
                ],
                "preview": false,
                "priority": 1200,
                "rate_limit_options": [
                  {
                    "ban_duration_sec": 0,
                    "ban_threshold": [],
                    "conform_action": "allow",
                    "enforce_on_key": "IP",
                    "enforce_on_key_name": "",
                    "exceed_action": "deny(429)",
                    "exceed_redirect_options": [],
                    "rate_limit_threshold": [
                      {
                        "count": 20,
                        "interval_sec": 60
                      }
                    ]
                  }
                ],
                "redirect_options": []
              }
            ],
            "self_link": "https://www.googleapis.com/compute/v1/projects/projeto-483011/global/securityPolicies/multi-policy",
            "timeouts": null,
            "type": "CLOUD_ARMOR"
          },
          "sensitive_attributes": [],
          "identity_schema_version": 0,
          "private": "eyJlMmJmYjczMC1lY2FhLTExZTYtOGY4OC0zNDM2M2JjN2M0YzAiOnsiY3JlYXRlIjoxMjAwMDAwMDAwMDAwLCJkZWxldGUiOjEyMDAwMDAwMDAwMDAsInVwZGF0ZSI6MTIwMDAwMDAwMDAwMH19"
        }
      ]
    },
    {
      "module": "module.network",
      "mode": "managed",
      "type": "google_compute_subnetwork",
      "name": "this",
      "provider": "provider[\"registry.terraform.io/hashicorp/google\"]",
      "instances": [
        {
          "schema_version": 0,
          "attributes": {
            "creation_timestamp": "2026-01-12T14:11:11.405-08:00",
            "description": "",
            "external_ipv6_prefix": "",
            "fingerprint": null,
            "gateway_address": "10.0.1.1",
            "id": "projects/projeto-483011/regions/europe-west1/subnetworks/subnetwork",
            "internal_ipv6_prefix": "",
            "ip_cidr_range": "10.0.1.0/24",
            "ipv6_access_type": "",
            "ipv6_cidr_range": "",
            "log_config": [],
            "name": "subnetwork",
            "network": "https://www.googleapis.com/compute/v1/projects/projeto-483011/global/networks/custom-vpc",
            "private_ip_google_access": true,
            "private_ipv6_google_access": "DISABLE_GOOGLE_ACCESS",
            "project": "projeto-483011",
            "purpose": "PRIVATE",
            "region": "europe-west1",
            "role": "",
            "secondary_ip_range": [
              {
                "ip_cidr_range": "10.1.0.0/16",
                "range_name": "pods"
              },
              {
                "ip_cidr_range": "10.2.0.0/16",
                "range_name": "services"
              }
            ],
            "self_link": "https://www.googleapis.com/compute/v1/projects/projeto-483011/regions/europe-west1/subnetworks/subnetwork",
            "stack_type": "IPV4_ONLY",
            "timeouts": null
          },
          "sensitive_attributes": [],
          "identity_schema_version": 0,
          "private": "eyJlMmJmYjczMC1lY2FhLTExZTYtOGY4OC0zNDM2M2JjN2M0YzAiOnsiY3JlYXRlIjoxMjAwMDAwMDAwMDAwLCJkZWxldGUiOjEyMDAwMDAwMDAwMDAsInVwZGF0ZSI6MTIwMDAwMDAwMDAwMH19",
          "dependencies": [
            "module.network.google_compute_network.this"
          ],
          "create_before_destroy": true
        }
      ]
    },
    {
      "module": "module.network",
      "mode": "managed",
      "type": "google_compute_target_http_proxy",
      "name": "default",
      "provider": "provider[\"registry.terraform.io/hashicorp/google\"]",
      "instances": [
        {
          "schema_version": 0,
          "attributes": {
            "creation_timestamp": "2026-01-12T14:13:43.829-08:00",
            "description": "",
            "http_keep_alive_timeout_sec": 0,
            "id": "projects/projeto-483011/global/targetHttpProxies/http-proxy",
            "name": "http-proxy",
            "project": "projeto-483011",
            "proxy_bind": false,
            "proxy_id": 3345594761469283576,
            "self_link": "https://www.googleapis.com/compute/v1/projects/projeto-483011/global/targetHttpProxies/http-proxy",
            "timeouts": null,
            "url_map": "https://www.googleapis.com/compute/v1/projects/projeto-483011/global/urlMaps/url-map"
          },
          "sensitive_attributes": [],
          "identity_schema_version": 0,
          "private": "eyJlMmJmYjczMC1lY2FhLTExZTYtOGY4OC0zNDM2M2JjN2M0YzAiOnsiY3JlYXRlIjoxMjAwMDAwMDAwMDAwLCJkZWxldGUiOjEyMDAwMDAwMDAwMDAsInVwZGF0ZSI6MTIwMDAwMDAwMDAwMH19",
          "dependencies": [
            "module.compute_engine.google_compute_instance_group_manager.default",
            "module.compute_engine.google_compute_instance_template.default",
            "module.network.google_compute_backend_service.default",
            "module.network.google_compute_health_check.default",
            "module.network.google_compute_network.this",
            "module.network.google_compute_security_policy.multi_policy",
            "module.network.google_compute_subnetwork.this",
            "module.network.google_compute_url_map.default"
          ]
        }
      ]
    },
    {
      "module": "module.network",
      "mode": "managed",
      "type": "google_compute_target_https_proxy",
      "name": "default",
      "provider": "provider[\"registry.terraform.io/hashicorp/google\"]",
      "instances": [
        {
          "schema_version": 0,
          "attributes": {
            "certificate_manager_certificates": [],
            "certificate_map": "",
            "creation_timestamp": "2026-01-12T14:13:43.961-08:00",
            "description": "",
            "http_keep_alive_timeout_sec": 0,
            "id": "projects/projeto-483011/global/targetHttpsProxies/https-proxy",
            "name": "https-proxy",
            "project": "projeto-483011",
            "proxy_bind": false,
            "proxy_id": 9068348360779943160,
            "quic_override": "NONE",
            "self_link": "https://www.googleapis.com/compute/v1/projects/projeto-483011/global/targetHttpsProxies/https-proxy",
            "server_tls_policy": "",
            "ssl_certificates": [
              "https://www.googleapis.com/compute/v1/projects/projeto-483011/global/sslCertificates/managed-cert"
            ],
            "ssl_policy": "",
            "timeouts": null,
            "url_map": "https://www.googleapis.com/compute/v1/projects/projeto-483011/global/urlMaps/url-map"
          },
          "sensitive_attributes": [],
          "identity_schema_version": 0,
          "private": "eyJlMmJmYjczMC1lY2FhLTExZTYtOGY4OC0zNDM2M2JjN2M0YzAiOnsiY3JlYXRlIjoxMjAwMDAwMDAwMDAwLCJkZWxldGUiOjEyMDAwMDAwMDAwMDAsInVwZGF0ZSI6MTIwMDAwMDAwMDAwMH19",
          "dependencies": [
            "module.compute_engine.google_compute_instance_group_manager.default",
            "module.compute_engine.google_compute_instance_template.default",
            "module.network.google_compute_backend_service.default",
            "module.network.google_compute_health_check.default",
            "module.network.google_compute_managed_ssl_certificate.default",
            "module.network.google_compute_network.this",
            "module.network.google_compute_security_policy.multi_policy",
            "module.network.google_compute_subnetwork.this",
            "module.network.google_compute_url_map.default"
          ]
        }
      ]
    },
    {
      "module": "module.network",
      "mode": "managed",
      "type": "google_compute_url_map",
      "name": "default",
      "provider": "provider[\"registry.terraform.io/hashicorp/google\"]",
      "instances": [
        {
          "schema_version": 0,
          "attributes": {
            "creation_timestamp": "2026-01-12T14:13:32.536-08:00",
            "default_route_action": [],
            "default_service": "https://www.googleapis.com/compute/v1/projects/projeto-483011/global/backendServices/backend-service",
            "default_url_redirect": [],
            "description": "",
            "fingerprint": "1ZYE9x0dZ3c=",
            "header_action": [],
            "host_rule": [],
            "id": "projects/projeto-483011/global/urlMaps/url-map",
            "map_id": 5442738330448481507,
            "name": "url-map",
            "path_matcher": [],
            "project": "projeto-483011",
            "self_link": "https://www.googleapis.com/compute/v1/projects/projeto-483011/global/urlMaps/url-map",
            "test": [],
            "timeouts": null
          },
          "sensitive_attributes": [],
          "identity_schema_version": 0,
          "private": "eyJlMmJmYjczMC1lY2FhLTExZTYtOGY4OC0zNDM2M2JjN2M0YzAiOnsiY3JlYXRlIjoxMjAwMDAwMDAwMDAwLCJkZWxldGUiOjEyMDAwMDAwMDAwMDAsInVwZGF0ZSI6MTIwMDAwMDAwMDAwMH19",
          "dependencies": [
            "module.compute_engine.google_compute_instance_group_manager.default",
            "module.compute_engine.google_compute_instance_template.default",
            "module.network.google_compute_backend_service.default",
            "module.network.google_compute_health_check.default",
            "module.network.google_compute_network.this",
            "module.network.google_compute_security_policy.multi_policy",
            "module.network.google_compute_subnetwork.this"
          ]
        }
      ]
    },
    {
      "module": "module.pubsub",
      "mode": "managed",
      "type": "google_pubsub_subscription",
      "name": "data_subscription",
      "provider": "provider[\"registry.terraform.io/hashicorp/google\"]",
      "instances": [
        {
          "schema_version": 0,
          "attributes": {
            "ack_deadline_seconds": 30,
            "bigquery_config": [],
            "cloud_storage_config": [],
            "dead_letter_policy": [
              {
                "dead_letter_topic": "projects/projeto-483011/topics/data-topic-dead-letter",
                "max_delivery_attempts": 5
              }
            ],
            "effective_labels": {},
            "enable_exactly_once_delivery": true,
            "enable_message_ordering": false,
            "expiration_policy": [
              {
                "ttl": ""
              }
            ],
            "filter": "",
            "id": "projects/projeto-483011/subscriptions/data-subscription",
            "labels": {},
            "message_retention_duration": "604800s",
            "name": "data-subscription",
            "project": "projeto-483011",
            "push_config": [],
            "retain_acked_messages": false,
            "retry_policy": [
              {
                "maximum_backoff": "10s",
                "minimum_backoff": "5s"
              }
            ],
            "terraform_labels": {},
            "timeouts": null,
            "topic": "projects/projeto-483011/topics/data-topic"
          },
          "sensitive_attributes": [],
          "identity_schema_version": 0,
          "private": "eyJlMmJmYjczMC1lY2FhLTExZTYtOGY4OC0zNDM2M2JjN2M0YzAiOnsiY3JlYXRlIjoxMjAwMDAwMDAwMDAwLCJkZWxldGUiOjEyMDAwMDAwMDAwMDAsInVwZGF0ZSI6MTIwMDAwMDAwMDAwMH19",
          "dependencies": [
            "module.pubsub.google_pubsub_topic.data_topic",
            "module.pubsub.google_pubsub_topic.data_topic_dead_letter"
          ]
        }
      ]
    },
    {
      "module": "module.pubsub",
      "mode": "managed",
      "type": "google_pubsub_subscription",
      "name": "events_subscription",
      "provider": "provider[\"registry.terraform.io/hashicorp/google\"]",
      "instances": [
        {
          "schema_version": 0,
          "attributes": {
            "ack_deadline_seconds": 30,
            "bigquery_config": [],
            "cloud_storage_config": [],
            "dead_letter_policy": [
              {
                "dead_letter_topic": "projects/projeto-483011/topics/events-topic-dead-letter",
                "max_delivery_attempts": 5
              }
            ],
            "effective_labels": {},
            "enable_exactly_once_delivery": true,
            "enable_message_ordering": false,
            "expiration_policy": [
              {
                "ttl": ""
              }
            ],
            "filter": "",
            "id": "projects/projeto-483011/subscriptions/events-subscription",
            "labels": {},
            "message_retention_duration": "604800s",
            "name": "events-subscription",
            "project": "projeto-483011",
            "push_config": [],
            "retain_acked_messages": false,
            "retry_policy": [
              {
                "maximum_backoff": "10s",
                "minimum_backoff": "5s"
              }
            ],
            "terraform_labels": {},
            "timeouts": null,
            "topic": "projects/projeto-483011/topics/events-topic"
          },
          "sensitive_attributes": [],
          "identity_schema_version": 0,
          "private": "eyJlMmJmYjczMC1lY2FhLTExZTYtOGY4OC0zNDM2M2JjN2M0YzAiOnsiY3JlYXRlIjoxMjAwMDAwMDAwMDAwLCJkZWxldGUiOjEyMDAwMDAwMDAwMDAsInVwZGF0ZSI6MTIwMDAwMDAwMDAwMH19",
          "dependencies": [
            "module.pubsub.google_pubsub_topic.events_topic",
            "module.pubsub.google_pubsub_topic.events_topic_dead_letter"
          ]
        }
      ]
    },
    {
      "module": "module.pubsub",
      "mode": "managed",
      "type": "google_pubsub_topic",
      "name": "data_topic",
      "provider": "provider[\"registry.terraform.io/hashicorp/google\"]",
      "instances": [
        {
          "schema_version": 0,
          "attributes": {
            "effective_labels": {},
            "id": "projects/projeto-483011/topics/data-topic",
            "ingestion_data_source_settings": [],
            "kms_key_name": "",
            "labels": {},
            "message_retention_duration": "86600s",
            "message_storage_policy": [],
            "name": "data-topic",
            "project": "projeto-483011",
            "schema_settings": [],
            "terraform_labels": {},
            "timeouts": null
          },
          "sensitive_attributes": [],
          "identity_schema_version": 0,
          "private": "eyJlMmJmYjczMC1lY2FhLTExZTYtOGY4OC0zNDM2M2JjN2M0YzAiOnsiY3JlYXRlIjoxMjAwMDAwMDAwMDAwLCJkZWxldGUiOjEyMDAwMDAwMDAwMDAsInVwZGF0ZSI6MTIwMDAwMDAwMDAwMH19"
        }
      ]
    },
    {
      "module": "module.pubsub",
      "mode": "managed",
      "type": "google_pubsub_topic",
      "name": "data_topic_dead_letter",
      "provider": "provider[\"registry.terraform.io/hashicorp/google\"]",
      "instances": [
        {
          "schema_version": 0,
          "attributes": {
            "effective_labels": {},
            "id": "projects/projeto-483011/topics/data-topic-dead-letter",
            "ingestion_data_source_settings": [],
            "kms_key_name": "",
            "labels": {},
            "message_retention_duration": "",
            "message_storage_policy": [],
            "name": "data-topic-dead-letter",
            "project": "projeto-483011",
            "schema_settings": [],
            "terraform_labels": {},
            "timeouts": null
          },
          "sensitive_attributes": [],
          "identity_schema_version": 0,
          "private": "eyJlMmJmYjczMC1lY2FhLTExZTYtOGY4OC0zNDM2M2JjN2M0YzAiOnsiY3JlYXRlIjoxMjAwMDAwMDAwMDAwLCJkZWxldGUiOjEyMDAwMDAwMDAwMDAsInVwZGF0ZSI6MTIwMDAwMDAwMDAwMH19"
        }
      ]
    },
    {
      "module": "module.pubsub",
      "mode": "managed",
      "type": "google_pubsub_topic",
      "name": "events_topic",
      "provider": "provider[\"registry.terraform.io/hashicorp/google\"]",
      "instances": [
        {
          "schema_version": 0,
          "attributes": {
            "effective_labels": {},
            "id": "projects/projeto-483011/topics/events-topic",
            "ingestion_data_source_settings": [],
            "kms_key_name": "",
            "labels": {},
            "message_retention_duration": "86600s",
            "message_storage_policy": [],
            "name": "events-topic",
            "project": "projeto-483011",
            "schema_settings": [],
            "terraform_labels": {},
            "timeouts": null
          },
          "sensitive_attributes": [],
          "identity_schema_version": 0,
          "private": "eyJlMmJmYjczMC1lY2FhLTExZTYtOGY4OC0zNDM2M2JjN2M0YzAiOnsiY3JlYXRlIjoxMjAwMDAwMDAwMDAwLCJkZWxldGUiOjEyMDAwMDAwMDAwMDAsInVwZGF0ZSI6MTIwMDAwMDAwMDAwMH19"
        }
      ]
    },
    {
      "module": "module.pubsub",
      "mode": "managed",
      "type": "google_pubsub_topic",
      "name": "events_topic_dead_letter",
      "provider": "provider[\"registry.terraform.io/hashicorp/google\"]",
      "instances": [
        {
          "schema_version": 0,
          "attributes": {
            "effective_labels": {},
            "id": "projects/projeto-483011/topics/events-topic-dead-letter",
            "ingestion_data_source_settings": [],
            "kms_key_name": "",
            "labels": {},
            "message_retention_duration": "",
            "message_storage_policy": [],
            "name": "events-topic-dead-letter",
            "project": "projeto-483011",
            "schema_settings": [],
            "terraform_labels": {},
            "timeouts": null
          },
          "sensitive_attributes": [],
          "identity_schema_version": 0,
          "private": "eyJlMmJmYjczMC1lY2FhLTExZTYtOGY4OC0zNDM2M2JjN2M0YzAiOnsiY3JlYXRlIjoxMjAwMDAwMDAwMDAwLCJkZWxldGUiOjEyMDAwMDAwMDAwMDAsInVwZGF0ZSI6MTIwMDAwMDAwMDAwMH19"
        }
      ]
    },
    {
      "module": "module.redis",
      "mode": "managed",
      "type": "google_redis_instance",
      "name": "redis",
      "provider": "provider[\"registry.terraform.io/hashicorp/google\"]",
      "instances": [
        {
          "schema_version": 0,
          "attributes": {
            "alternative_location_id": "",
            "auth_enabled": true,
            "auth_string": "389f89fd-a449-44aa-88cf-00c478308894",
            "authorized_network": "projects/projeto-483011/global/networks/custom-vpc",
            "connect_mode": "DIRECT_PEERING",
            "create_time": "2026-01-12T22:11:11.781354897Z",
            "current_location_id": "europe-west1-b",
            "customer_managed_key": "",
            "display_name": "Redis Instance",
            "effective_labels": {},
            "host": "10.115.244.35",
            "id": "projects/projeto-483011/locations/europe-west1/instances/redis-instance",
            "labels": {},
            "location_id": "europe-west1-b",
            "maintenance_policy": [
              {
                "create_time": "2026-01-12T22:11:11.679455Z",
                "description": "",
                "update_time": "2026-01-12T22:11:11.679455Z",
                "weekly_maintenance_window": [
                  {
                    "day": "SUNDAY",
                    "duration": "3600s",
                    "start_time": [
                      {
                        "hours": 6,
                        "minutes": 0,
                        "nanos": 0,
                        "seconds": 0
                      }
                    ]
                  }
                ]
              }
            ],
            "maintenance_schedule": [],
            "memory_size_gb": 2,
            "name": "redis-instance",
            "nodes": [
              {
                "id": "node-0",
                "zone": "europe-west1-b"
              }
            ],
            "persistence_config": [
              {
                "persistence_mode": "RDB",
                "rdb_next_snapshot_time": "",
                "rdb_snapshot_period": "SIX_HOURS",
                "rdb_snapshot_start_time": "1970-01-01T00:00:00Z"
              }
            ],
            "persistence_iam_identity": "serviceAccount:service-556039532022@cloud-redis.iam.gserviceaccount.com",
            "port": 6379,
            "project": "projeto-483011",
            "read_endpoint": "",
            "read_endpoint_port": 0,
            "read_replicas_mode": "READ_REPLICAS_DISABLED",
            "redis_configs": {},
            "redis_version": "REDIS_7_2",
            "region": "europe-west1",
            "replica_count": 0,
            "reserved_ip_range": null,
            "secondary_ip_range": "",
            "server_ca_certs": [],
            "terraform_labels": {},
            "tier": "BASIC",
            "timeouts": null,
            "transit_encryption_mode": "DISABLED"
          },
          "sensitive_attributes": [
            [
              {
                "type": "get_attr",
                "value": "auth_string"
              }
            ]
          ],
          "identity_schema_version": 0,
          "private": "eyJlMmJmYjczMC1lY2FhLTExZTYtOGY4OC0zNDM2M2JjN2M0YzAiOnsiY3JlYXRlIjoxMjAwMDAwMDAwMDAwLCJkZWxldGUiOjEyMDAwMDAwMDAwMDAsInVwZGF0ZSI6MTIwMDAwMDAwMDAwMH19",
          "dependencies": [
            "module.network.google_compute_network.this"
          ]
        }
      ]
    },
    {
      "module": "module.redis",
      "mode": "managed",
      "type": "google_secret_manager_secret",
      "name": "redis_auth_string",
      "provider": "provider[\"registry.terraform.io/hashicorp/google\"]",
      "instances": [
        {
          "schema_version": 0,
          "attributes": {
            "annotations": {},
            "create_time": "2026-01-12T22:10:52.362652Z",
            "effective_annotations": {},
            "effective_labels": {},
            "expire_time": "",
            "id": "projects/projeto-483011/secrets/redis-auth-string",
            "labels": {},
            "name": "projects/556039532022/secrets/redis-auth-string",
            "project": "projeto-483011",
            "replication": [
              {
                "auto": [],
                "user_managed": [
                  {
                    "replicas": [
                      {
                        "customer_managed_encryption": [],
                        "location": "europe-west1"
                      }
                    ]
                  }
                ]
              }
            ],
            "rotation": [],
            "secret_id": "redis-auth-string",
            "terraform_labels": {},
            "timeouts": null,
            "topics": [],
            "ttl": null,
            "version_aliases": {},
            "version_destroy_ttl": ""
          },
          "sensitive_attributes": [],
          "identity_schema_version": 0,
          "private": "eyJlMmJmYjczMC1lY2FhLTExZTYtOGY4OC0zNDM2M2JjN2M0YzAiOnsiY3JlYXRlIjoxMjAwMDAwMDAwMDAwLCJkZWxldGUiOjEyMDAwMDAwMDAwMDAsInVwZGF0ZSI6MTIwMDAwMDAwMDAwMH19"
        }
      ]
    },
    {
      "module": "module.redis",
      "mode": "managed",
      "type": "google_secret_manager_secret",
      "name": "redis_host",
      "provider": "provider[\"registry.terraform.io/hashicorp/google\"]",
      "instances": [
        {
          "schema_version": 0,
          "attributes": {
            "annotations": {},
            "create_time": "2026-01-12T22:10:53.184558Z",
            "effective_annotations": {},
            "effective_labels": {},
            "expire_time": "",
            "id": "projects/projeto-483011/secrets/redis-host",
            "labels": {},
            "name": "projects/556039532022/secrets/redis-host",
            "project": "projeto-483011",
            "replication": [
              {
                "auto": [],
                "user_managed": [
                  {
                    "replicas": [
                      {
                        "customer_managed_encryption": [],
                        "location": "europe-west1"
                      }
                    ]
                  }
                ]
              }
            ],
            "rotation": [],
            "secret_id": "redis-host",
            "terraform_labels": {},
            "timeouts": null,
            "topics": [],
            "ttl": null,
            "version_aliases": {},
            "version_destroy_ttl": ""
          },
          "sensitive_attributes": [],
          "identity_schema_version": 0,
          "private": "eyJlMmJmYjczMC1lY2FhLTExZTYtOGY4OC0zNDM2M2JjN2M0YzAiOnsiY3JlYXRlIjoxMjAwMDAwMDAwMDAwLCJkZWxldGUiOjEyMDAwMDAwMDAwMDAsInVwZGF0ZSI6MTIwMDAwMDAwMDAwMH19"
        }
      ]
    },
    {
      "module": "module.redis",
      "mode": "managed",
      "type": "google_secret_manager_secret",
      "name": "redis_port",
      "provider": "provider[\"registry.terraform.io/hashicorp/google\"]",
      "instances": [
        {
          "schema_version": 0,
          "attributes": {
            "annotations": {},
            "create_time": "2026-01-12T22:10:53.745894Z",
            "effective_annotations": {},
            "effective_labels": {},
            "expire_time": "",
            "id": "projects/projeto-483011/secrets/redis-port",
            "labels": {},
            "name": "projects/556039532022/secrets/redis-port",
            "project": "projeto-483011",
            "replication": [
              {
                "auto": [],
                "user_managed": [
                  {
                    "replicas": [
                      {
                        "customer_managed_encryption": [],
                        "location": "europe-west1"
                      }
                    ]
                  }
                ]
              }
            ],
            "rotation": [],
            "secret_id": "redis-port",
            "terraform_labels": {},
            "timeouts": null,
            "topics": [],
            "ttl": null,
            "version_aliases": {},
            "version_destroy_ttl": ""
          },
          "sensitive_attributes": [],
          "identity_schema_version": 0,
          "private": "eyJlMmJmYjczMC1lY2FhLTExZTYtOGY4OC0zNDM2M2JjN2M0YzAiOnsiY3JlYXRlIjoxMjAwMDAwMDAwMDAwLCJkZWxldGUiOjEyMDAwMDAwMDAwMDAsInVwZGF0ZSI6MTIwMDAwMDAwMDAwMH19"
        }
      ]
    },
    {
      "module": "module.redis",
      "mode": "managed",
      "type": "google_secret_manager_secret_version",
      "name": "redis_auth_string_version",
      "provider": "provider[\"registry.terraform.io/hashicorp/google\"]",
      "instances": [
        {
          "schema_version": 0,
          "attributes": {
            "create_time": "2026-01-12T22:18:25.899745Z",
            "deletion_policy": "DELETE",
            "destroy_time": "",
            "enabled": true,
            "id": "projects/556039532022/secrets/redis-auth-string/versions/1",
            "is_secret_data_base64": false,
            "name": "projects/556039532022/secrets/redis-auth-string/versions/1",
            "secret": "projects/projeto-483011/secrets/redis-auth-string",
            "secret_data": "389f89fd-a449-44aa-88cf-00c478308894",
            "timeouts": null,
            "version": "1"
          },
          "sensitive_attributes": [
            [
              {
                "type": "get_attr",
                "value": "secret_data"
              }
            ]
          ],
          "identity_schema_version": 0,
          "private": "eyJlMmJmYjczMC1lY2FhLTExZTYtOGY4OC0zNDM2M2JjN2M0YzAiOnsiY3JlYXRlIjoxMjAwMDAwMDAwMDAwLCJkZWxldGUiOjEyMDAwMDAwMDAwMDAsInVwZGF0ZSI6MTIwMDAwMDAwMDAwMH19",
          "dependencies": [
            "module.network.google_compute_network.this",
            "module.redis.google_redis_instance.redis",
            "module.redis.google_secret_manager_secret.redis_auth_string"
          ]
        }
      ]
    },
    {
      "module": "module.redis",
      "mode": "managed",
      "type": "google_secret_manager_secret_version",
      "name": "redis_host_version",
      "provider": "provider[\"registry.terraform.io/hashicorp/google\"]",
      "instances": [
        {
          "schema_version": 0,
          "attributes": {
            "create_time": "2026-01-12T22:18:25.901553Z",
            "deletion_policy": "DELETE",
            "destroy_time": "",
            "enabled": true,
            "id": "projects/556039532022/secrets/redis-host/versions/1",
            "is_secret_data_base64": false,
            "name": "projects/556039532022/secrets/redis-host/versions/1",
            "secret": "projects/projeto-483011/secrets/redis-host",
            "secret_data": "10.115.244.35",
            "timeouts": null,
            "version": "1"
          },
          "sensitive_attributes": [
            [
              {
                "type": "get_attr",
                "value": "secret_data"
              }
            ]
          ],
          "identity_schema_version": 0,
          "private": "eyJlMmJmYjczMC1lY2FhLTExZTYtOGY4OC0zNDM2M2JjN2M0YzAiOnsiY3JlYXRlIjoxMjAwMDAwMDAwMDAwLCJkZWxldGUiOjEyMDAwMDAwMDAwMDAsInVwZGF0ZSI6MTIwMDAwMDAwMDAwMH19",
          "dependencies": [
            "module.network.google_compute_network.this",
            "module.redis.google_redis_instance.redis",
            "module.redis.google_secret_manager_secret.redis_host"
          ]
        }
      ]
    },
    {
      "module": "module.redis",
      "mode": "managed",
      "type": "google_secret_manager_secret_version",
      "name": "redis_port_version",
      "provider": "provider[\"registry.terraform.io/hashicorp/google\"]",
      "instances": [
        {
          "schema_version": 0,
          "attributes": {
            "create_time": "2026-01-12T22:18:25.906188Z",
            "deletion_policy": "DELETE",
            "destroy_time": "",
            "enabled": true,
            "id": "projects/556039532022/secrets/redis-port/versions/1",
            "is_secret_data_base64": false,
            "name": "projects/556039532022/secrets/redis-port/versions/1",
            "secret": "projects/projeto-483011/secrets/redis-port",
            "secret_data": "6379",
            "timeouts": null,
            "version": "1"
          },
          "sensitive_attributes": [
            [
              {
                "type": "get_attr",
                "value": "secret_data"
              }
            ]
          ],
          "identity_schema_version": 0,
          "private": "eyJlMmJmYjczMC1lY2FhLTExZTYtOGY4OC0zNDM2M2JjN2M0YzAiOnsiY3JlYXRlIjoxMjAwMDAwMDAwMDAwLCJkZWxldGUiOjEyMDAwMDAwMDAwMDAsInVwZGF0ZSI6MTIwMDAwMDAwMDAwMH19",
          "dependencies": [
            "module.network.google_compute_network.this",
            "module.redis.google_redis_instance.redis",
            "module.redis.google_secret_manager_secret.redis_port"
          ]
        }
      ]
    },
    {
      "module": "module.registry",
      "mode": "managed",
      "type": "google_artifact_registry_repository",
      "name": "lusohub-repo",
      "provider": "provider[\"registry.terraform.io/hashicorp/google\"]",
      "instances": [
        {
          "schema_version": 0,
          "attributes": {
            "cleanup_policies": [],
            "cleanup_policy_dry_run": false,
            "create_time": "2026-01-12T22:10:53.010392Z",
            "description": "",
            "docker_config": [],
            "effective_labels": {},
            "format": "DOCKER",
            "id": "projects/projeto-483011/locations/europe-west1/repositories/lusohub-repo-mj",
            "kms_key_name": "",
            "labels": {},
            "location": "europe-west1",
            "maven_config": [],
            "mode": "STANDARD_REPOSITORY",
            "name": "lusohub-repo-mj",
            "project": "projeto-483011",
            "remote_repository_config": [],
            "repository_id": "lusohub-repo-mj",
            "terraform_labels": {},
            "timeouts": null,
            "update_time": "2026-01-12T22:10:53.010392Z",
            "virtual_repository_config": []
          },
          "sensitive_attributes": [],
          "identity_schema_version": 0,
          "private": "eyJlMmJmYjczMC1lY2FhLTExZTYtOGY4OC0zNDM2M2JjN2M0YzAiOnsiY3JlYXRlIjoxMjAwMDAwMDAwMDAwLCJkZWxldGUiOjEyMDAwMDAwMDAwMDAsInVwZGF0ZSI6MTIwMDAwMDAwMDAwMH19"
        }
      ]
    },
    {
      "module": "module.sql",
      "mode": "managed",
      "type": "google_sql_database",
      "name": "my_database",
      "provider": "provider[\"registry.terraform.io/hashicorp/google\"]",
      "instances": [
        {
          "schema_version": 0,
          "attributes": {
            "charset": "UTF8",
            "collation": "en_US.UTF8",
            "deletion_policy": "DELETE",
            "id": "projects/projeto-483011/instances/my-sql-instance/databases/exemplo-db",
            "instance": "my-sql-instance",
            "name": "exemplo-db",
            "project": "projeto-483011",
            "self_link": "https://sqladmin.googleapis.com/sql/v1beta4/projects/projeto-483011/instances/my-sql-instance/databases/exemplo-db",
            "timeouts": null
          },
          "sensitive_attributes": [],
          "identity_schema_version": 0,
          "private": "eyJlMmJmYjczMC1lY2FhLTExZTYtOGY4OC0zNDM2M2JjN2M0YzAiOnsiY3JlYXRlIjoxMjAwMDAwMDAwMDAwLCJkZWxldGUiOjEyMDAwMDAwMDAwMDAsInVwZGF0ZSI6MTIwMDAwMDAwMDAwMH19",
          "dependencies": [
            "module.sql.google_sql_database_instance.this"
          ]
        }
      ]
    },
    {
      "module": "module.sql",
      "mode": "managed",
      "type": "google_sql_database_instance",
      "name": "this",
      "provider": "provider[\"registry.terraform.io/hashicorp/google\"]",
      "instances": [
        {
          "schema_version": 0,
          "attributes": {
            "available_maintenance_versions": [],
            "clone": [],
            "connection_name": "projeto-483011:europe-west1:my-sql-instance",
            "database_version": "POSTGRES_17",
            "deletion_protection": false,
            "dns_name": "",
            "encryption_key_name": null,
            "first_ip_address": "34.77.184.129",
            "id": "my-sql-instance",
            "instance_type": "CLOUD_SQL_INSTANCE",
            "ip_address": [
              {
                "ip_address": "34.77.184.129",
                "time_to_retire": "",
                "type": "PRIMARY"
              },
              {
                "ip_address": "35.205.227.82",
                "time_to_retire": "",
                "type": "OUTGOING"
              }
            ],
            "maintenance_version": "POSTGRES_17_7.R20251004.01_26",
            "master_instance_name": "",
            "name": "my-sql-instance",
            "private_ip_address": "",
            "project": "projeto-483011",
            "psc_service_attachment_link": "",
            "public_ip_address": "34.77.184.129",
            "region": "europe-west1",
            "replica_configuration": [],
            "restore_backup_context": [],
            "root_password": null,
            "self_link": "https://sqladmin.googleapis.com/sql/v1beta4/projects/projeto-483011/instances/my-sql-instance",
            "server_ca_cert": [
              {
                "cert": "-----BEGIN CERTIFICATE-----\nMIIDfzCCAmegAwIBAgIBADANBgkqhkiG9w0BAQsFADB3MS0wKwYDVQQuEyRjYzI2\nZjc5Ni01M2ZhLTQ0NzMtOGM1Ni05NjI3MWJmMWRjMjExIzAhBgNVBAMTGkdvb2ds\nZSBDbG91ZCBTUUwgU2VydmVyIENBMRQwEgYDVQQKEwtHb29nbGUsIEluYzELMAkG\nA1UEBhMCVVMwHhcNMjYwMTEyMjIxMDM2WhcNMzYwMTEwMjIxMTM2WjB3MS0wKwYD\nVQQuEyRjYzI2Zjc5Ni01M2ZhLTQ0NzMtOGM1Ni05NjI3MWJmMWRjMjExIzAhBgNV\nBAMTGkdvb2dsZSBDbG91ZCBTUUwgU2VydmVyIENBMRQwEgYDVQQKEwtHb29nbGUs\nIEluYzELMAkGA1UEBhMCVVMwggEiMA0GCSqGSIb3DQEBAQUAA4IBDwAwggEKAoIB\nAQDjv5/2yKOq7R88d1CGEj5NYAL5i9Il09HcOQrHwfkHIWi/9xYJHnnVAeb/89Jl\nI8T5FPMHSnt0Y22LXUNbBd2ZaXfdtX1BH9IOAbubZSmF5K5ZrPHkVD/YhLjMHM06\n9fbzEfcACJK6037fPjENAWC4/Ln3+K+AuhJqKbJoJQSRBCSxZ/VJp+uD2002/YL1\n15mmeJTX9Oa5/7qHR0+vQE2ocrX+7pRv8It35rP6Qvx2+dja3aNTuZ6O4vyndwWt\nFv4+sz5Sj0gDf8BETHEwHhdX7t9WSt19qQXjzmBsi774aWAoAKO6b3FxnK5a4kjB\nVoNdM7hWrvtGzjOPRnXyG5QZAgMBAAGjFjAUMBIGA1UdEwEB/wQIMAYBAf8CAQAw\nDQYJKoZIhvcNAQELBQADggEBAJqwQtov5xRoYvYu7ru8PWrrskX9byxZoXkuJVYr\nS3UwFQB9U99IZhsiX8suc9JbW4RHeDfmTA2qDqbKzGV7DLkJ0lzj6gRbP+LTQIOJ\n5aiITAzeYDjunAcHfkx7JGNOyrN9KWrB9yO6Bmx9UwJpYveQAr3//5oNe/f8jwVJ\nNkU0nBZjpMRrZU8Ii9pSq3NBMCTgSzQlpcoHVnEsdgn2k/yvgyxrM7H+4Cqfii7a\nSGHEz1GuPtxtnu8kS7TNhbzZN5RYFwGFM+CXHWU8zFDOrrlmKxVpFNMP+6oU+8u1\nnGICwNsYxnwv2WTf59NuNMSBApzrNAyoHRU4MWe/7835+5Q=\n-----END CERTIFICATE-----",
                "common_name": "C=US,O=Google\\, Inc,CN=Google Cloud SQL Server CA,dnQualifier=cc26f796-53fa-4473-8c56-96271bf1dc21",
                "create_time": "2026-01-12T22:10:36.056Z",
                "expiration_time": "2036-01-10T22:11:36.056Z",
                "sha1_fingerprint": "c4c3c7c9e45d311870d76d4b0fd9a4313e20adff"
              }
            ],
            "service_account_email_address": "p556039532022-tjl8tb@gcp-sa-cloud-sql.iam.gserviceaccount.com",
            "settings": [
              {
                "activation_policy": "ALWAYS",
                "active_directory_config": [],
                "advanced_machine_features": [],
                "availability_type": "ZONAL",
                "backup_configuration": [
                  {
                    "backup_retention_settings": [
                      {
                        "retained_backups": 7,
                        "retention_unit": "COUNT"
                      }
                    ],
                    "binary_log_enabled": false,
                    "enabled": false,
                    "location": "",
                    "point_in_time_recovery_enabled": false,
                    "start_time": "20:00",
                    "transaction_log_retention_days": 7
                  }
                ],
                "collation": "",
                "connector_enforcement": "NOT_REQUIRED",
                "data_cache_config": [],
                "database_flags": [],
                "deletion_protection_enabled": false,
                "deny_maintenance_period": [],
                "disk_autoresize": true,
                "disk_autoresize_limit": 0,
                "disk_size": 10,
                "disk_type": "PD_HDD",
                "edition": "ENTERPRISE",
                "enable_google_ml_integration": false,
                "insights_config": [],
                "ip_configuration": [
                  {
                    "allocated_ip_range": "",
                    "authorized_networks": [],
                    "enable_private_path_for_google_cloud_services": false,
                    "ipv4_enabled": true,
                    "private_network": "",
                    "psc_config": [],
                    "require_ssl": false,
                    "ssl_mode": ""
                  }
                ],
                "location_preference": [
                  {
                    "follow_gae_application": "",
                    "secondary_zone": "",
                    "zone": "europe-west1-d"
                  }
                ],
                "maintenance_window": [],
                "password_validation_policy": [],
                "pricing_plan": "PER_USE",
                "sql_server_audit_config": [],
                "tier": "db-f1-micro",
                "time_zone": "",
                "user_labels": {},
                "version": 2
              }
            ],
            "timeouts": null
          },
          "sensitive_attributes": [
            [
              {
                "type": "get_attr",
                "value": "root_password"
              }
            ],
            [
              {
                "type": "get_attr",
                "value": "server_ca_cert"
              }
            ]
          ],
          "identity_schema_version": 0,
          "private": "eyJlMmJmYjczMC1lY2FhLTExZTYtOGY4OC0zNDM2M2JjN2M0YzAiOnsiY3JlYXRlIjoyNDAwMDAwMDAwMDAwLCJkZWxldGUiOjE4MDAwMDAwMDAwMDAsInVwZGF0ZSI6MTgwMDAwMDAwMDAwMH19"
        }
      ]
    },
    {
      "module": "module.sql",
      "mode": "managed",
      "type": "google_sql_user",
      "name": "my_user",
      "provider": "provider[\"registry.terraform.io/hashicorp/google\"]",
      "instances": [
        {
          "schema_version": 1,
          "attributes": {
            "deletion_policy": null,
            "host": "",
            "id": "mega-user-123//my-sql-instance",
            "instance": "my-sql-instance",
            "name": "mega-user-123",
            "password": "mega-super-password-qwerty-123",
            "password_policy": [],
            "project": "projeto-483011",
            "sql_server_user_details": [],
            "timeouts": null,
            "type": ""
          },
          "sensitive_attributes": [
            [
              {
                "type": "get_attr",
                "value": "password"
              }
            ]
          ],
          "identity_schema_version": 0,
          "private": "eyJlMmJmYjczMC1lY2FhLTExZTYtOGY4OC0zNDM2M2JjN2M0YzAiOnsiY3JlYXRlIjo2MDAwMDAwMDAwMDAsImRlbGV0ZSI6NjAwMDAwMDAwMDAwLCJ1cGRhdGUiOjYwMDAwMDAwMDAwMH0sInNjaGVtYV92ZXJzaW9uIjoiMSJ9",
          "dependencies": [
            "module.sql.google_sql_database_instance.this"
          ]
        }
      ]
    }
  ],
  "check_results": null
}
